// !$*UTF8*$!
{
	archiveVersion = 1;
	classes = {
	};
	objectVersion = 77;
	objects = {

/* Begin PBXBuildFile section */
		2E4E45D11F0C4264B719BD7F /* ReplAIApp.swift in Sources */ = {isa = PBXBuildFile; fileRef = AF015D97827E49D4982441A4 /* ReplAIApp.swift */; };
		9DEFFCBAA600471FBA656FD0 /* AppDesign.swift in Sources */ = {isa = PBXBuildFile; fileRef = 45551B4EFEA94386B185E71D /* AppDesign.swift */; };
		2C94B71CAC7848A79E2C83A0 /* AppDesign.swift in Sources */ = {isa = PBXBuildFile; fileRef = 45551B4EFEA94386B185E71D /* AppDesign.swift */; };
		1772B73FF6C54FCCBCCCA2A2 /* ReplyTone.swift in Sources */ = {isa = PBXBuildFile; fileRef = 086DECC2CEAE480C8E104BDD /* ReplyTone.swift */; };
		63DA817A6E1C43D7BF78777B /* ReplyTone.swift in Sources */ = {isa = PBXBuildFile; fileRef = 086DECC2CEAE480C8E104BDD /* ReplyTone.swift */; };
		39760B255BF148A4882698C3 /* ConversationAnalysis.swift in Sources */ = {isa = PBXBuildFile; fileRef = D83AA22A5F0D405AAFCAFF02 /* ConversationAnalysis.swift */; };
		B7B0FEBD457C4FE1932B906C /* IdentifiableImage.swift in Sources */ = {isa = PBXBuildFile; fileRef = 6AD9643975574668B3169511 /* IdentifiableImage.swift */; };
		CB11D1018B114567B45C4BD7 /* VisionService.swift in Sources */ = {isa = PBXBuildFile; fileRef = A89852B3961D45408F40CFDB /* VisionService.swift */; };
		12B543C970EF41D3B113D464 /* AICoachService.swift in Sources */ = {isa = PBXBuildFile; fileRef = 8951CAA8E87641AC9D08EBF0 /* AICoachService.swift */; };
		8DA3C458EE2A4887AE9829FC /* UsageTracker.swift in Sources */ = {isa = PBXBuildFile; fileRef = 855A6367180B41E098141FB6 /* UsageTracker.swift */; };
		8B2042ABF23E45938EDA9E65 /* SubscriptionManager.swift in Sources */ = {isa = PBXBuildFile; fileRef = 587E50AB491448E5BF5E245C /* SubscriptionManager.swift */; };
		743E1B89324A4A61938B024E /* HomeView.swift in Sources */ = {isa = PBXBuildFile; fileRef = 0BAE69A522824A9DA8E6A920 /* HomeView.swift */; };
		E459D89C656F49A98D1CC05D /* HomeHeaderView.swift in Sources */ = {isa = PBXBuildFile; fileRef = FE3F367D60FC4AB791241425 /* HomeHeaderView.swift */; };
		B9B75251BEB54BB3A5C5383C /* HomeActionSection.swift in Sources */ = {isa = PBXBuildFile; fileRef = 4431368E53144F3DB54EDCE8 /* HomeActionSection.swift */; };
		6B0040FEEC6D4E3DBFCFC463 /* HowItWorksCard.swift in Sources */ = {isa = PBXBuildFile; fileRef = 18BCC46FE1C54C149D2A097A /* HowItWorksCard.swift */; };
		9DECC375145747E599A7EEBC /* StepRowView.swift in Sources */ = {isa = PBXBuildFile; fileRef = 64741531140346C68FD73E08 /* StepRowView.swift */; };
		8C56354CE2B942ECA71106BB /* UsageBadgeView.swift in Sources */ = {isa = PBXBuildFile; fileRef = 000E86026AD34F68A60123B1 /* UsageBadgeView.swift */; };
		EC905B5E312647DB828F0751 /* MainActionButton.swift in Sources */ = {isa = PBXBuildFile; fileRef = F5A44CE960894EA79C259299 /* MainActionButton.swift */; };
		C2006FC6514A45DBB96A4E28 /* MainActionButtonLabel.swift in Sources */ = {isa = PBXBuildFile; fileRef = 56F135FA7B0E4B21B674E6E1 /* MainActionButtonLabel.swift */; };
		E1AD049070724177B49FB7CC /* AnalysisViewModel.swift in Sources */ = {isa = PBXBuildFile; fileRef = 3DDDC6C1B0964B3B8B7B7CE8 /* AnalysisViewModel.swift */; };
		A0BB3BF600EF407EBBFE4B6B /* AnalysisView.swift in Sources */ = {isa = PBXBuildFile; fileRef = 252B988AEDB24FC99827A36A /* AnalysisView.swift */; };
		955AAEE3E2B7467DB16D26CE /* AnalysisSummaryCard.swift in Sources */ = {isa = PBXBuildFile; fileRef = 2CE47ADB8B9E4425A5BB0A6C /* AnalysisSummaryCard.swift */; };
		5EE04C44547B43B1B4855B30 /* ReplyCardView.swift in Sources */ = {isa = PBXBuildFile; fileRef = 563E76494C2F4301AD3E7577 /* ReplyCardView.swift */; };
		8BD00215455E4EC7B0890DA4 /* LoadingView.swift in Sources */ = {isa = PBXBuildFile; fileRef = 18CB5A500C5A47DEB8D63FFE /* LoadingView.swift */; };
		1AA40D8279EE40C48447A116 /* AnalysisResultsView.swift in Sources */ = {isa = PBXBuildFile; fileRef = 8FFA106CF8594266BCCD6421 /* AnalysisResultsView.swift */; };
		9FE7B7D9E7C94284AA005C34 /* AnalysisErrorView.swift in Sources */ = {isa = PBXBuildFile; fileRef = 2255CC503FE3405BB64A3C9A /* AnalysisErrorView.swift */; };
		3232E7843879411DBFD1BA98 /* PaywallGate.swift in Sources */ = {isa = PBXBuildFile; fileRef = CDAEB80B15334130925C1F14 /* PaywallGate.swift */; };
		E6C13B9DBC4F48CE9755E446 /* PaywallViewModel.swift in Sources */ = {isa = PBXBuildFile; fileRef = CD88BAC2B1824F7E92BE3A61 /* PaywallViewModel.swift */; };
		76B61076221F4E448EDC258F /* PaywallView.swift in Sources */ = {isa = PBXBuildFile; fileRef = C497A945CD6943DF9203E566 /* PaywallView.swift */; };
		3D6D2DECB75549DE8FDBFC80 /* PaywallHeaderView.swift in Sources */ = {isa = PBXBuildFile; fileRef = DB0C1EB820734B37B812F634 /* PaywallHeaderView.swift */; };
		4E61469D64424716ADE3C50D /* PaywallFeaturesCard.swift in Sources */ = {isa = PBXBuildFile; fileRef = 1FEA4EF34BF148CB9EB4837C /* PaywallFeaturesCard.swift */; };
		B09199FAF7F04873A1563EDC /* FeatureRowView.swift in Sources */ = {isa = PBXBuildFile; fileRef = B79EF4E04B1442D783E3CFD5 /* FeatureRowView.swift */; };
		2DF07EF5CC8746DF8DF798E0 /* PlanRowView.swift in Sources */ = {isa = PBXBuildFile; fileRef = 8BCBF7DBD2A74BA9BBBCFC03 /* PlanRowView.swift */; };
		76B5C069ABB04F92A464B770 /* PaywallFooterView.swift in Sources */ = {isa = PBXBuildFile; fileRef = 86105EC6C4604D7CBACB1648 /* PaywallFooterView.swift */; };
		7CDA40B68EC24CE2B314C794 /* ShareViewController.swift in Sources */ = {isa = PBXBuildFile; fileRef = C4F970A6F1A048F0A6DD807C /* ShareViewController.swift */; };
		80D14C7DFE164171851B9F01 /* ShareView.swift in Sources */ = {isa = PBXBuildFile; fileRef = E1F3195C511A49A0BACC45D6 /* ShareView.swift */; };
		341994D778FE43AE9C21EF4C /* ReplAIShareExtension.appex in Embed Foundation Extensions */ = {isa = PBXBuildFile; fileRef = 7751A0AD803241A48D8D575A /* ReplAIShareExtension.appex */; settings = {ATTRIBUTES = (RemoveHeadersOnCopy, ); }; };
		F8C53633FF684CDFB0A1B9E9 /* Assets.xcassets in Resources */ = {isa = PBXBuildFile; fileRef = D35B599E225F433AA0BEB37D /* Assets.xcassets */; };
		138497B13BD44B35A2D4EDF5 /* StoreKit.storekit in Resources */ = {isa = PBXBuildFile; fileRef = 31E0397B2337457FBFFECF72 /* StoreKit.storekit */; };
		C18D37DF38684BB4BEF74185 /* Localizable.xcstrings in Resources */ = {isa = PBXBuildFile; fileRef = 3E1EB025121D41B2BC4AF16B /* Localizable.xcstrings */; };
		2F1196174CD84EAD891A4CE1 /* Localizable.xcstrings in Resources */ = {isa = PBXBuildFile; fileRef = 3E1EB025121D41B2BC4AF16B /* Localizable.xcstrings */; };
/* End PBXBuildFile section */

/* Begin PBXContainerItemProxy section */
		F17664650DEB409FA1FE93D6 /* PBXContainerItemProxy */ = {
			isa = PBXContainerItemProxy;
			containerPortal = C6E5C27EEF614C7CB2468326 /* Project object */;
			proxyType = 1;
			remoteGlobalIDString = 794DA2A13F496AC8E724EAD4;
			remoteInfo = ReplAIShareExtension;
		};
/* End PBXContainerItemProxy section */

/* Begin PBXCopyFilesBuildPhase section */
		5E2E54D368D34685A533410A /* Embed Foundation Extensions */ = {
			isa = PBXCopyFilesBuildPhase;
			buildActionMask = 2147483647;
			dstPath = "";
			dstSubfolderSpec = 13;
			files = (
				341994D778FE43AE9C21EF4C /* ReplAIShareExtension.appex in Embed Foundation Extensions */,
			);
			name = "Embed Foundation Extensions";
			runOnlyForDeploymentPostprocessing = 0;
		};
/* End PBXCopyFilesBuildPhase section */

/* Begin PBXFileReference section */
		AF015D97827E49D4982441A4 /* ReplAIApp.swift */ = {isa = PBXFileReference; lastKnownFileType = sourcecode.swift; path = ReplAIApp.swift; sourceTree = "<group>"; };
		45551B4EFEA94386B185E71D /* AppDesign.swift */ = {isa = PBXFileReference; lastKnownFileType = sourcecode.swift; path = AppDesign.swift; sourceTree = "<group>"; };
		086DECC2CEAE480C8E104BDD /* ReplyTone.swift */ = {isa = PBXFileReference; lastKnownFileType = sourcecode.swift; path = ReplyTone.swift; sourceTree = "<group>"; };
		D83AA22A5F0D405AAFCAFF02 /* ConversationAnalysis.swift */ = {isa = PBXFileReference; lastKnownFileType = sourcecode.swift; path = ConversationAnalysis.swift; sourceTree = "<group>"; };
		6AD9643975574668B3169511 /* IdentifiableImage.swift */ = {isa = PBXFileReference; lastKnownFileType = sourcecode.swift; path = IdentifiableImage.swift; sourceTree = "<group>"; };
		A89852B3961D45408F40CFDB /* VisionService.swift */ = {isa = PBXFileReference; lastKnownFileType = sourcecode.swift; path = VisionService.swift; sourceTree = "<group>"; };
		8951CAA8E87641AC9D08EBF0 /* AICoachService.swift */ = {isa = PBXFileReference; lastKnownFileType = sourcecode.swift; path = AICoachService.swift; sourceTree = "<group>"; };
		855A6367180B41E098141FB6 /* UsageTracker.swift */ = {isa = PBXFileReference; lastKnownFileType = sourcecode.swift; path = UsageTracker.swift; sourceTree = "<group>"; };
		587E50AB491448E5BF5E245C /* SubscriptionManager.swift */ = {isa = PBXFileReference; lastKnownFileType = sourcecode.swift; path = SubscriptionManager.swift; sourceTree = "<group>"; };
		0BAE69A522824A9DA8E6A920 /* HomeView.swift */ = {isa = PBXFileReference; lastKnownFileType = sourcecode.swift; path = HomeView.swift; sourceTree = "<group>"; };
		FE3F367D60FC4AB791241425 /* HomeHeaderView.swift */ = {isa = PBXFileReference; lastKnownFileType = sourcecode.swift; path = HomeHeaderView.swift; sourceTree = "<group>"; };
		4431368E53144F3DB54EDCE8 /* HomeActionSection.swift */ = {isa = PBXFileReference; lastKnownFileType = sourcecode.swift; path = HomeActionSection.swift; sourceTree = "<group>"; };
		18BCC46FE1C54C149D2A097A /* HowItWorksCard.swift */ = {isa = PBXFileReference; lastKnownFileType = sourcecode.swift; path = HowItWorksCard.swift; sourceTree = "<group>"; };
		64741531140346C68FD73E08 /* StepRowView.swift */ = {isa = PBXFileReference; lastKnownFileType = sourcecode.swift; path = StepRowView.swift; sourceTree = "<group>"; };
		000E86026AD34F68A60123B1 /* UsageBadgeView.swift */ = {isa = PBXFileReference; lastKnownFileType = sourcecode.swift; path = UsageBadgeView.swift; sourceTree = "<group>"; };
		F5A44CE960894EA79C259299 /* MainActionButton.swift */ = {isa = PBXFileReference; lastKnownFileType = sourcecode.swift; path = MainActionButton.swift; sourceTree = "<group>"; };
		56F135FA7B0E4B21B674E6E1 /* MainActionButtonLabel.swift */ = {isa = PBXFileReference; lastKnownFileType = sourcecode.swift; path = MainActionButtonLabel.swift; sourceTree = "<group>"; };
		3DDDC6C1B0964B3B8B7B7CE8 /* AnalysisViewModel.swift */ = {isa = PBXFileReference; lastKnownFileType = sourcecode.swift; path = AnalysisViewModel.swift; sourceTree = "<group>"; };
		252B988AEDB24FC99827A36A /* AnalysisView.swift */ = {isa = PBXFileReference; lastKnownFileType = sourcecode.swift; path = AnalysisView.swift; sourceTree = "<group>"; };
		2CE47ADB8B9E4425A5BB0A6C /* AnalysisSummaryCard.swift */ = {isa = PBXFileReference; lastKnownFileType = sourcecode.swift; path = AnalysisSummaryCard.swift; sourceTree = "<group>"; };
		563E76494C2F4301AD3E7577 /* ReplyCardView.swift */ = {isa = PBXFileReference; lastKnownFileType = sourcecode.swift; path = ReplyCardView.swift; sourceTree = "<group>"; };
		18CB5A500C5A47DEB8D63FFE /* LoadingView.swift */ = {isa = PBXFileReference; lastKnownFileType = sourcecode.swift; path = LoadingView.swift; sourceTree = "<group>"; };
		8FFA106CF8594266BCCD6421 /* AnalysisResultsView.swift */ = {isa = PBXFileReference; lastKnownFileType = sourcecode.swift; path = AnalysisResultsView.swift; sourceTree = "<group>"; };
		2255CC503FE3405BB64A3C9A /* AnalysisErrorView.swift */ = {isa = PBXFileReference; lastKnownFileType = sourcecode.swift; path = AnalysisErrorView.swift; sourceTree = "<group>"; };
		CDAEB80B15334130925C1F14 /* PaywallGate.swift */ = {isa = PBXFileReference; lastKnownFileType = sourcecode.swift; path = PaywallGate.swift; sourceTree = "<group>"; };
		CD88BAC2B1824F7E92BE3A61 /* PaywallViewModel.swift */ = {isa = PBXFileReference; lastKnownFileType = sourcecode.swift; path = PaywallViewModel.swift; sourceTree = "<group>"; };
		C497A945CD6943DF9203E566 /* PaywallView.swift */ = {isa = PBXFileReference; lastKnownFileType = sourcecode.swift; path = PaywallView.swift; sourceTree = "<group>"; };
		DB0C1EB820734B37B812F634 /* PaywallHeaderView.swift */ = {isa = PBXFileReference; lastKnownFileType = sourcecode.swift; path = PaywallHeaderView.swift; sourceTree = "<group>"; };
		1FEA4EF34BF148CB9EB4837C /* PaywallFeaturesCard.swift */ = {isa = PBXFileReference; lastKnownFileType = sourcecode.swift; path = PaywallFeaturesCard.swift; sourceTree = "<group>"; };
		B79EF4E04B1442D783E3CFD5 /* FeatureRowView.swift */ = {isa = PBXFileReference; lastKnownFileType = sourcecode.swift; path = FeatureRowView.swift; sourceTree = "<group>"; };
		8BCBF7DBD2A74BA9BBBCFC03 /* PlanRowView.swift */ = {isa = PBXFileReference; lastKnownFileType = sourcecode.swift; path = PlanRowView.swift; sourceTree = "<group>"; };
		86105EC6C4604D7CBACB1648 /* PaywallFooterView.swift */ = {isa = PBXFileReference; lastKnownFileType = sourcecode.swift; path = PaywallFooterView.swift; sourceTree = "<group>"; };
		C4F970A6F1A048F0A6DD807C /* ShareViewController.swift */ = {isa = PBXFileReference; lastKnownFileType = sourcecode.swift; path = ShareViewController.swift; sourceTree = "<group>"; };
		E1F3195C511A49A0BACC45D6 /* ShareView.swift */ = {isa = PBXFileReference; lastKnownFileType = sourcecode.swift; path = ShareView.swift; sourceTree = "<group>"; };
		FA823B9EDC624CBE9663C677 /* ReplAI.app */ = {isa = PBXFileReference; explicitFileType = wrapper.application; includeInIndex = 0; path = ReplAI.app; sourceTree = BUILT_PRODUCTS_DIR; };
		7751A0AD803241A48D8D575A /* ReplAIShareExtension.appex */ = {isa = PBXFileReference; explicitFileType = "com.apple.product-type.app-extension"; includeInIndex = 0; path = ReplAIShareExtension.appex; sourceTree = BUILT_PRODUCTS_DIR; };
		F374694624834AA096E1A3E2 /* ReplAI.entitlements */ = {isa = PBXFileReference; lastKnownFileType = text.plist.entitlements; path = ReplAI.entitlements; sourceTree = "<group>"; };
		9B605196BB12452BBBD76EA9 /* ReplAIShareExtension.entitlements */ = {isa = PBXFileReference; lastKnownFileType = text.plist.entitlements; path = ReplAIShareExtension.entitlements; sourceTree = "<group>"; };
		F3A0682CDB4E4C22AB82D997 /* Info.plist */ = {isa = PBXFileReference; lastKnownFileType = text.plist.xml; path = Info.plist; sourceTree = "<group>"; };
		5AE6B3A5C62B484DA5781D94 /* Info.plist */ = {isa = PBXFileReference; lastKnownFileType = text.plist.xml; path = Info.plist; sourceTree = "<group>"; };
		31E0397B2337457FBFFECF72 /* StoreKit.storekit */ = {isa = PBXFileReference; lastKnownFileType = text; path = StoreKit.storekit; sourceTree = "<group>"; };
		3E1EB025121D41B2BC4AF16B /* Localizable.xcstrings */ = {isa = PBXFileReference; lastKnownFileType = text.plist.xcstrings; path = Localizable.xcstrings; sourceTree = "<group>"; };
		D35B599E225F433AA0BEB37D /* Assets.xcassets */ = {isa = PBXFileReference; lastKnownFileType = folder.assetcatalog; path = Assets.xcassets; sourceTree = "<group>"; };
/* End PBXFileReference section */

/* Begin PBXFrameworksBuildPhase section */
		13D5F87A488E400EB3DDF408 /* Frameworks */ = {
			isa = PBXFrameworksBuildPhase;
			buildActionMask = 2147483647;
			files = (
			);
			runOnlyForDeploymentPostprocessing = 0;
		};
		63BC5179CB9E46DF9FB3C00B /* Frameworks */ = {
			isa = PBXFrameworksBuildPhase;
			buildActionMask = 2147483647;
			files = (
			);
			runOnlyForDeploymentPostprocessing = 0;
		};
/* End PBXFrameworksBuildPhase section */

/* Begin PBXGroup section */
		1AFCF82A641B4F6EB5D1FE42 /* App */ = {
			isa = PBXGroup;
			children = (
				AF015D97827E49D4982441A4 /* ReplAIApp.swift */,
				F3A0682CDB4E4C22AB82D997 /* Info.plist */,
			);
			path = App;
			sourceTree = "<group>";
		};
		BD36DC059E1B4362A0625DAD /* Design */ = {
			isa = PBXGroup;
			children = (
				45551B4EFEA94386B185E71D /* AppDesign.swift */,
			);
			path = Design;
			sourceTree = "<group>";
		};
		5EB0738DB02B4CCBA4686F31 /* Models */ = {
			isa = PBXGroup;
			children = (
				086DECC2CEAE480C8E104BDD /* ReplyTone.swift */,
				D83AA22A5F0D405AAFCAFF02 /* ConversationAnalysis.swift */,
				6AD9643975574668B3169511 /* IdentifiableImage.swift */,
			);
			path = Models;
			sourceTree = "<group>";
		};
		13F061C83BDB4789B6DE2CEF /* Services */ = {
			isa = PBXGroup;
			children = (
				A89852B3961D45408F40CFDB /* VisionService.swift */,
				8951CAA8E87641AC9D08EBF0 /* AICoachService.swift */,
				855A6367180B41E098141FB6 /* UsageTracker.swift */,
				587E50AB491448E5BF5E245C /* SubscriptionManager.swift */,
			);
			path = Services;
			sourceTree = "<group>";
		};
		8AE7F70EC6664792BC83DA16 /* Home */ = {
			isa = PBXGroup;
			children = (
				0BAE69A522824A9DA8E6A920 /* HomeView.swift */,
				FE3F367D60FC4AB791241425 /* HomeHeaderView.swift */,
				4431368E53144F3DB54EDCE8 /* HomeActionSection.swift */,
				18BCC46FE1C54C149D2A097A /* HowItWorksCard.swift */,
				64741531140346C68FD73E08 /* StepRowView.swift */,
				000E86026AD34F68A60123B1 /* UsageBadgeView.swift */,
				F5A44CE960894EA79C259299 /* MainActionButton.swift */,
				56F135FA7B0E4B21B674E6E1 /* MainActionButtonLabel.swift */,
			);
			path = Home;
			sourceTree = "<group>";
		};
		A91B0F6659E94F5DAD3671CC /* Analysis */ = {
			isa = PBXGroup;
			children = (
				3DDDC6C1B0964B3B8B7B7CE8 /* AnalysisViewModel.swift */,
				252B988AEDB24FC99827A36A /* AnalysisView.swift */,
				2CE47ADB8B9E4425A5BB0A6C /* AnalysisSummaryCard.swift */,
				563E76494C2F4301AD3E7577 /* ReplyCardView.swift */,
				18CB5A500C5A47DEB8D63FFE /* LoadingView.swift */,
				8FFA106CF8594266BCCD6421 /* AnalysisResultsView.swift */,
				2255CC503FE3405BB64A3C9A /* AnalysisErrorView.swift */,
			);
			path = Analysis;
			sourceTree = "<group>";
		};
		9BE308999740419E94BA6512 /* Paywall */ = {
			isa = PBXGroup;
			children = (
				CDAEB80B15334130925C1F14 /* PaywallGate.swift */,
				CD88BAC2B1824F7E92BE3A61 /* PaywallViewModel.swift */,
				C497A945CD6943DF9203E566 /* PaywallView.swift */,
				DB0C1EB820734B37B812F634 /* PaywallHeaderView.swift */,
				1FEA4EF34BF148CB9EB4837C /* PaywallFeaturesCard.swift */,
				B79EF4E04B1442D783E3CFD5 /* FeatureRowView.swift */,
				8BCBF7DBD2A74BA9BBBCFC03 /* PlanRowView.swift */,
				86105EC6C4604D7CBACB1648 /* PaywallFooterView.swift */,
			);
			path = Paywall;
			sourceTree = "<group>";
		};
		BB8EBCD6285D46F986C28F4D /* Features */ = {
			isa = PBXGroup;
			children = (
				8AE7F70EC6664792BC83DA16 /* Home */,
				A91B0F6659E94F5DAD3671CC /* Analysis */,
				9BE308999740419E94BA6512 /* Paywall */,
			);
			path = Features;
			sourceTree = "<group>";
		};
		E06508ECAC0F4414A52A52B8 /* Resources */ = {
			isa = PBXGroup;
			children = (
				D35B599E225F433AA0BEB37D /* Assets.xcassets */,
			);
			path = Resources;
			sourceTree = "<group>";
		};
		47F8899067904B29975A7A8C /* ReplAI */ = {
			isa = PBXGroup;
			children = (
				1AFCF82A641B4F6EB5D1FE42 /* App */,
				BD36DC059E1B4362A0625DAD /* Design */,
				5EB0738DB02B4CCBA4686F31 /* Models */,
				13F061C83BDB4789B6DE2CEF /* Services */,
				BB8EBCD6285D46F986C28F4D /* Features */,
				E06508ECAC0F4414A52A52B8 /* Resources */,
				3E1EB025121D41B2BC4AF16B /* Localizable.xcstrings */,
			);
			path = ReplAI;
			sourceTree = "<group>";
		};
		F9C087F8C9EC4C6B9EA71ECB /* ReplAIShareExtension */ = {
			isa = PBXGroup;
			children = (
				C4F970A6F1A048F0A6DD807C /* ShareViewController.swift */,
				E1F3195C511A49A0BACC45D6 /* ShareView.swift */,
				5AE6B3A5C62B484DA5781D94 /* Info.plist */,
			);
			path = ReplAIShareExtension;
			sourceTree = "<group>";
		};
		9AF2B846DF904B54B2BAC025 /* Configuration */ = {
			isa = PBXGroup;
			children = (
				F374694624834AA096E1A3E2 /* ReplAI.entitlements */,
				9B605196BB12452BBBD76EA9 /* ReplAIShareExtension.entitlements */,
				31E0397B2337457FBFFECF72 /* StoreKit.storekit */,
			);
			path = Configuration;
			sourceTree = "<group>";
		};
		8768FCE9598248BFB4D8A0E9 /* Products */ = {
			isa = PBXGroup;
			children = (
				FA823B9EDC624CBE9663C677 /* ReplAI.app */,
				7751A0AD803241A48D8D575A /* ReplAIShareExtension.appex */,
			);
			sourceTree = "<group>";
			name = Products;
		};
		152E95C0F18F476E85586FFB /*  */ = {
			isa = PBXGroup;
			children = (
				47F8899067904B29975A7A8C /* ReplAI */,
				F9C087F8C9EC4C6B9EA71ECB /* ReplAIShareExtension */,
				9AF2B846DF904B54B2BAC025 /* Configuration */,
				8768FCE9598248BFB4D8A0E9 /* Products */,
			);
			sourceTree = "<group>";
		};
/* End PBXGroup section */

/* Begin PBXNativeTarget section */
		5543841856FFCBB316A18FF7 /* ReplAI */ = {
			isa = PBXNativeTarget;
			buildConfigurationList = E22EAB84F1FB41DB98AE1F16 /* Build configuration list for PBXNativeTarget "ReplAI" */;
			buildPhases = (
				6A69062867044E2CB8DC8EF8 /* Sources */,
				13D5F87A488E400EB3DDF408 /* Frameworks */,
				7535C53BAFEB4140BC9E35FA /* Resources */,
				5E2E54D368D34685A533410A /* Embed Foundation Extensions */,
			);
			buildRules = (
			);
			dependencies = (
				740E31D8DC3645E48CAE12BD /* PBXTargetDependency */,
			);
			name = ReplAI;
			productName = ReplAI;
			productReference = FA823B9EDC624CBE9663C677 /* ReplAI.app */;
			productType = "com.apple.product-type.application";
		};
		794DA2A13F496AC8E724EAD4 /* ReplAIShareExtension */ = {
			isa = PBXNativeTarget;
			buildConfigurationList = 5F94D2FA9CA741759F10A4F3 /* Build configuration list for PBXNativeTarget "ReplAIShareExtension" */;
			buildPhases = (
				7327635466A348E4BE557D69 /* Sources */,
				63BC5179CB9E46DF9FB3C00B /* Frameworks */,
				05DCC3834BF6496698A14FDC /* Resources */,
			);
			buildRules = (
			);
			dependencies = (
			);
			name = ReplAIShareExtension;
			productName = ReplAIShareExtension;
			productReference = 7751A0AD803241A48D8D575A /* ReplAIShareExtension.appex */;
			productType = "com.apple.product-type.app-extension";
		};
/* End PBXNativeTarget section */

/* Begin PBXProject section */
		C6E5C27EEF614C7CB2468326 /* Project object */ = {
			isa = PBXProject;
			attributes = {
				BuildIndependentTargetsInParallel = 1;
				LastSwiftUpdateCheck = 1630;
				LastUpgradeCheck = 1630;
				TargetAttributes = {
					5543841856FFCBB316A18FF7 = {
						CreatedOnToolsVersion = 16.3;
					};
					794DA2A13F496AC8E724EAD4 = {
						CreatedOnToolsVersion = 16.3;
					};
				};
			};
			buildConfigurationList = C0A6EEEA081741CFA5BDC8CD /* Build configuration list for PBXProject "ReplAI" */;
			compatibilityVersion = "Xcode 14.0";
			developmentRegion = en;
			hasScannedForEncodings = 0;
			knownRegions = (
				en,
				Base,
				de,
				es,
				fr,
				it,
				pt,
			);
			mainGroup = 152E95C0F18F476E85586FFB;
			productRefGroup = 8768FCE9598248BFB4D8A0E9 /* Products */;
			projectDirPath = "";
			projectRoot = "";
			targets = (
				5543841856FFCBB316A18FF7 /* ReplAI */,
				794DA2A13F496AC8E724EAD4 /* ReplAIShareExtension */,
			);
		};
/* End PBXProject section */

/* Begin PBXResourcesBuildPhase section */
		7535C53BAFEB4140BC9E35FA /* Resources */ = {
			isa = PBXResourcesBuildPhase;
			buildActionMask = 2147483647;
			files = (
				F8C53633FF684CDFB0A1B9E9 /* Assets.xcassets in Resources */,
				138497B13BD44B35A2D4EDF5 /* StoreKit.storekit in Resources */,
				C18D37DF38684BB4BEF74185 /* Localizable.xcstrings in Resources */,
			);
			runOnlyForDeploymentPostprocessing = 0;
		};
		05DCC3834BF6496698A14FDC /* Resources */ = {
			isa = PBXResourcesBuildPhase;
			buildActionMask = 2147483647;
			files = (
				2F1196174CD84EAD891A4CE1 /* Localizable.xcstrings in Resources */,
			);
			runOnlyForDeploymentPostprocessing = 0;
		};
/* End PBXResourcesBuildPhase section */

/* Begin PBXSourcesBuildPhase section */
		6A69062867044E2CB8DC8EF8 /* Sources */ = {
			isa = PBXSourcesBuildPhase;
			buildActionMask = 2147483647;
			files = (
				2E4E45D11F0C4264B719BD7F /* ReplAIApp.swift in Sources */,
				9DEFFCBAA600471FBA656FD0 /* AppDesign.swift in Sources */,
				1772B73FF6C54FCCBCCCA2A2 /* ReplyTone.swift in Sources */,
				39760B255BF148A4882698C3 /* ConversationAnalysis.swift in Sources */,
				B7B0FEBD457C4FE1932B906C /* IdentifiableImage.swift in Sources */,
				CB11D1018B114567B45C4BD7 /* VisionService.swift in Sources */,
				12B543C970EF41D3B113D464 /* AICoachService.swift in Sources */,
				8DA3C458EE2A4887AE9829FC /* UsageTracker.swift in Sources */,
				8B2042ABF23E45938EDA9E65 /* SubscriptionManager.swift in Sources */,
				743E1B89324A4A61938B024E /* HomeView.swift in Sources */,
				E459D89C656F49A98D1CC05D /* HomeHeaderView.swift in Sources */,
				B9B75251BEB54BB3A5C5383C /* HomeActionSection.swift in Sources */,
				6B0040FEEC6D4E3DBFCFC463 /* HowItWorksCard.swift in Sources */,
				9DECC375145747E599A7EEBC /* StepRowView.swift in Sources */,
				8C56354CE2B942ECA71106BB /* UsageBadgeView.swift in Sources */,
				EC905B5E312647DB828F0751 /* MainActionButton.swift in Sources */,
				C2006FC6514A45DBB96A4E28 /* MainActionButtonLabel.swift in Sources */,
				E1AD049070724177B49FB7CC /* AnalysisViewModel.swift in Sources */,
				A0BB3BF600EF407EBBFE4B6B /* AnalysisView.swift in Sources */,
				955AAEE3E2B7467DB16D26CE /* AnalysisSummaryCard.swift in Sources */,
				5EE04C44547B43B1B4855B30 /* ReplyCardView.swift in Sources */,
				8BD00215455E4EC7B0890DA4 /* LoadingView.swift in Sources */,
				1AA40D8279EE40C48447A116 /* AnalysisResultsView.swift in Sources */,
				9FE7B7D9E7C94284AA005C34 /* AnalysisErrorView.swift in Sources */,
				3232E7843879411DBFD1BA98 /* PaywallGate.swift in Sources */,
				E6C13B9DBC4F48CE9755E446 /* PaywallViewModel.swift in Sources */,
				76B61076221F4E448EDC258F /* PaywallView.swift in Sources */,
				3D6D2DECB75549DE8FDBFC80 /* PaywallHeaderView.swift in Sources */,
				4E61469D64424716ADE3C50D /* PaywallFeaturesCard.swift in Sources */,
				B09199FAF7F04873A1563EDC /* FeatureRowView.swift in Sources */,
				2DF07EF5CC8746DF8DF798E0 /* PlanRowView.swift in Sources */,
				76B5C069ABB04F92A464B770 /* PaywallFooterView.swift in Sources */,
			);
			runOnlyForDeploymentPostprocessing = 0;
		};
		7327635466A348E4BE557D69 /* Sources */ = {
			isa = PBXSourcesBuildPhase;
			buildActionMask = 2147483647;
			files = (
				2C94B71CAC7848A79E2C83A0 /* AppDesign.swift in Sources */,
				63DA817A6E1C43D7BF78777B /* ReplyTone.swift in Sources */,
				7CDA40B68EC24CE2B314C794 /* ShareViewController.swift in Sources */,
				80D14C7DFE164171851B9F01 /* ShareView.swift in Sources */,
			);
			runOnlyForDeploymentPostprocessing = 0;
		};
/* End PBXSourcesBuildPhase section */

/* Begin PBXTargetDependency section */
		740E31D8DC3645E48CAE12BD /* PBXTargetDependency */ = {
			isa = PBXTargetDependency;
			target = 794DA2A13F496AC8E724EAD4 /* ReplAIShareExtension */;
			targetProxy = F17664650DEB409FA1FE93D6 /* PBXContainerItemProxy */;
		};
/* End PBXTargetDependency section */

/* Begin XCBuildConfiguration section */
		228E04AF1EB0486F8541BD4D /* Debug */ = {
			isa = XCBuildConfiguration;
			buildSettings = {
				ALWAYS_SEARCH_USER_PATHS = NO;
				CLANG_ANALYZER_NONNULL = YES;
				CLANG_ANALYZER_NUMBER_OBJECT_CONVERSION = YES_AGGRESSIVE;
				CLANG_CXX_LANGUAGE_STANDARD = "gnu++20";
				CLANG_ENABLE_MODULES = YES;
				CLANG_ENABLE_OBJC_ARC = YES;
				CLANG_ENABLE_OBJC_WEAK = YES;
				CLANG_WARN_BLOCK_CAPTURE_AUTORELEASING = YES;
				CLANG_WARN_BOOL_CONVERSION = YES;
				CLANG_WARN_COMMA = YES;
				CLANG_WARN_CONSTANT_CONVERSION = YES;
				CLANG_WARN_DEPRECATED_OBJC_IMPLEMENTATIONS = YES;
				CLANG_WARN_DIRECT_OBJC_ISA_USAGE = YES_ERROR;
				CLANG_WARN_EMPTY_BODY = YES;
				CLANG_WARN_ENUM_CONVERSION = YES;
				CLANG_WARN_INFINITE_RECURSION = YES;
				CLANG_WARN_INT_CONVERSION = YES;
				CLANG_WARN_NON_LITERAL_NULL_CONVERSION = YES;
				CLANG_WARN_OBJC_IMPLICIT_RETAIN_SELF = YES;
				CLANG_WARN_OBJC_LITERAL_CONVERSION = YES;
				CLANG_WARN_OBJC_ROOT_CLASS = YES_ERROR;
				CLANG_WARN_QUOTED_INCLUDE_IN_FRAMEWORK_HEADER = YES;
				CLANG_WARN_RANGE_LOOP_ANALYSIS = YES;
				CLANG_WARN_STRICT_PROTOTYPES = YES;
				CLANG_WARN_SUSPICIOUS_MOVE = YES;
				CLANG_WARN_UNGUARDED_AVAILABILITY = YES_AGGRESSIVE;
				CLANG_WARN_UNREACHABLE_CODE = YES;
				CLANG_WARN__DUPLICATE_METHOD_MATCH = YES;
				COPY_PHASE_STRIP = NO;
				DEBUG_INFORMATION_FORMAT = dwarf;
				ENABLE_STRICT_OBJC_MSGSEND = YES;
				ENABLE_TESTABILITY = YES;
				GCC_C_LANGUAGE_STANDARD = gnu17;
				GCC_DYNAMIC_NO_PIC = NO;
				GCC_NO_COMMON_BLOCKS = YES;
				GCC_OPTIMIZATION_LEVEL = 0;
				GCC_PREPROCESSOR_DEFINITIONS = ("DEBUG=1", "$(inherited)");
				GCC_WARN_64_TO_32_BIT_CONVERSION = YES;
				GCC_WARN_ABOUT_RETURN_TYPE = YES_ERROR;
				GCC_WARN_UNDECLARED_SELECTOR = YES;
				GCC_WARN_UNINITIALIZED_AUTOS = YES_AGGRESSIVE;
				GCC_WARN_UNUSED_FUNCTION = YES;
				GCC_WARN_UNUSED_VARIABLE = YES;
				IPHONEOS_DEPLOYMENT_TARGET = 26.0;
				MTL_ENABLE_DEBUG_INFO = INCLUDE_SOURCE;
				MTL_FAST_MATH = YES;
				ONLY_ACTIVE_ARCH = YES;
				SDKROOT = iphoneos;
				SWIFT_ACTIVE_COMPILATION_CONDITIONS = DEBUG;
				SWIFT_OPTIMIZATION_LEVEL = "-Onone";
			};
			name = Debug;
		};
		882690521D344DC6BDAED535 /* Release */ = {
			isa = XCBuildConfiguration;
			buildSettings = {
				ALWAYS_SEARCH_USER_PATHS = NO;
				CLANG_ANALYZER_NONNULL = YES;
				CLANG_ANALYZER_NUMBER_OBJECT_CONVERSION = YES_AGGRESSIVE;
				CLANG_CXX_LANGUAGE_STANDARD = "gnu++20";
				CLANG_ENABLE_MODULES = YES;
				CLANG_ENABLE_OBJC_ARC = YES;
				CLANG_ENABLE_OBJC_WEAK = YES;
				CLANG_WARN_BLOCK_CAPTURE_AUTORELEASING = YES;
				CLANG_WARN_BOOL_CONVERSION = YES;
				CLANG_WARN_COMMA = YES;
				CLANG_WARN_CONSTANT_CONVERSION = YES;
				CLANG_WARN_DEPRECATED_OBJC_IMPLEMENTATIONS = YES;
				CLANG_WARN_DIRECT_OBJC_ISA_USAGE = YES_ERROR;
				CLANG_WARN_EMPTY_BODY = YES;
				CLANG_WARN_ENUM_CONVERSION = YES;
				CLANG_WARN_INFINITE_RECURSION = YES;
				CLANG_WARN_INT_CONVERSION = YES;
				CLANG_WARN_NON_LITERAL_NULL_CONVERSION = YES;
				CLANG_WARN_OBJC_IMPLICIT_RETAIN_SELF = YES;
				CLANG_WARN_OBJC_LITERAL_CONVERSION = YES;
				CLANG_WARN_OBJC_ROOT_CLASS = YES_ERROR;
				CLANG_WARN_QUOTED_INCLUDE_IN_FRAMEWORK_HEADER = YES;
				CLANG_WARN_RANGE_LOOP_ANALYSIS = YES;
				CLANG_WARN_STRICT_PROTOTYPES = YES;
				CLANG_WARN_SUSPICIOUS_MOVE = YES;
				CLANG_WARN_UNGUARDED_AVAILABILITY = YES_AGGRESSIVE;
				CLANG_WARN_UNREACHABLE_CODE = YES;
				CLANG_WARN__DUPLICATE_METHOD_MATCH = YES;
				COPY_PHASE_STRIP = NO;
				DEBUG_INFORMATION_FORMAT = "dwarf-with-dsym";
				ENABLE_STRICT_OBJC_MSGSEND = YES;
				ENABLE_TESTABILITY = YES;
				GCC_C_LANGUAGE_STANDARD = gnu17;
				GCC_DYNAMIC_NO_PIC = NO;
				GCC_NO_COMMON_BLOCKS = YES;
				GCC_OPTIMIZATION_LEVEL = 0;
				GCC_PREPROCESSOR_DEFINITIONS = ("$(inherited)");
				GCC_WARN_64_TO_32_BIT_CONVERSION = YES;
				GCC_WARN_ABOUT_RETURN_TYPE = YES_ERROR;
				GCC_WARN_UNDECLARED_SELECTOR = YES;
				GCC_WARN_UNINITIALIZED_AUTOS = YES_AGGRESSIVE;
				GCC_WARN_UNUSED_FUNCTION = YES;
				GCC_WARN_UNUSED_VARIABLE = YES;
				IPHONEOS_DEPLOYMENT_TARGET = 26.0;
				MTL_ENABLE_DEBUG_INFO = NO;
				MTL_FAST_MATH = YES;
				ONLY_ACTIVE_ARCH = NO;
				SDKROOT = iphoneos;
				SWIFT_ACTIVE_COMPILATION_CONDITIONS = "";
				SWIFT_OPTIMIZATION_LEVEL = "-O";
				ENABLE_NS_ASSERTIONS = NO;
				SWIFT_COMPILATION_MODE = wholemodule;
				VALIDATE_PRODUCT = YES;
			};
			name = Release;
		};
		4ECE1D76C8A047B7BDD8997A /* Debug */ = {
			isa = XCBuildConfiguration;
			buildSettings = {
				ALWAYS_SEARCH_USER_PATHS = NO;
				CLANG_ANALYZER_NONNULL = YES;
				CLANG_ANALYZER_NUMBER_OBJECT_CONVERSION = YES_AGGRESSIVE;
				CLANG_CXX_LANGUAGE_STANDARD = "gnu++20";
				CLANG_ENABLE_MODULES = YES;
				CLANG_ENABLE_OBJC_ARC = YES;
				CLANG_ENABLE_OBJC_WEAK = YES;
				CLANG_WARN_BLOCK_CAPTURE_AUTORELEASING = YES;
				CLANG_WARN_BOOL_CONVERSION = YES;
				CLANG_WARN_COMMA = YES;
				CLANG_WARN_CONSTANT_CONVERSION = YES;
				CLANG_WARN_DEPRECATED_OBJC_IMPLEMENTATIONS = YES;
				CLANG_WARN_DIRECT_OBJC_ISA_USAGE = YES_ERROR;
				CLANG_WARN_EMPTY_BODY = YES;
				CLANG_WARN_ENUM_CONVERSION = YES;
				CLANG_WARN_INFINITE_RECURSION = YES;
				CLANG_WARN_INT_CONVERSION = YES;
				CLANG_WARN_NON_LITERAL_NULL_CONVERSION = YES;
				CLANG_WARN_OBJC_IMPLICIT_RETAIN_SELF = YES;
				CLANG_WARN_OBJC_LITERAL_CONVERSION = YES;
				CLANG_WARN_OBJC_ROOT_CLASS = YES_ERROR;
				CLANG_WARN_QUOTED_INCLUDE_IN_FRAMEWORK_HEADER = YES;
				CLANG_WARN_RANGE_LOOP_ANALYSIS = YES;
				CLANG_WARN_STRICT_PROTOTYPES = YES;
				CLANG_WARN_SUSPICIOUS_MOVE = YES;
				CLANG_WARN_UNGUARDED_AVAILABILITY = YES_AGGRESSIVE;
				CLANG_WARN_UNREACHABLE_CODE = YES;
				CLANG_WARN__DUPLICATE_METHOD_MATCH = YES;
				COPY_PHASE_STRIP = NO;
				DEBUG_INFORMATION_FORMAT = dwarf;
				ENABLE_STRICT_OBJC_MSGSEND = YES;
				ENABLE_TESTABILITY = YES;
				GCC_C_LANGUAGE_STANDARD = gnu17;
				GCC_DYNAMIC_NO_PIC = NO;
				GCC_NO_COMMON_BLOCKS = YES;
				GCC_OPTIMIZATION_LEVEL = 0;
				GCC_PREPROCESSOR_DEFINITIONS = ("DEBUG=1", "$(inherited)");
				GCC_WARN_64_TO_32_BIT_CONVERSION = YES;
				GCC_WARN_ABOUT_RETURN_TYPE = YES_ERROR;
				GCC_WARN_UNDECLARED_SELECTOR = YES;
				GCC_WARN_UNINITIALIZED_AUTOS = YES_AGGRESSIVE;
				GCC_WARN_UNUSED_FUNCTION = YES;
				GCC_WARN_UNUSED_VARIABLE = YES;
				IPHONEOS_DEPLOYMENT_TARGET = 26.0;
				MTL_ENABLE_DEBUG_INFO = INCLUDE_SOURCE;
				MTL_FAST_MATH = YES;
				ONLY_ACTIVE_ARCH = YES;
				SDKROOT = iphoneos;
				SWIFT_ACTIVE_COMPILATION_CONDITIONS = DEBUG;
				SWIFT_OPTIMIZATION_LEVEL = "-Onone";
				ASSETCATALOG_COMPILER_APPICON_NAME = AppIcon;
				CODE_SIGN_ENTITLEMENTS = Configuration/ReplAI.entitlements;
				CODE_SIGN_STYLE = Automatic;
				CURRENT_PROJECT_VERSION = 1;
				DEVELOPMENT_TEAM = RS8JSBN29A;
				GENERATE_INFOPLIST_FILE = NO;
				INFOPLIST_FILE = ReplAI/App/Info.plist;
				LD_RUNPATH_SEARCH_PATHS = ("$(inherited)", "@executable_path/Frameworks");
				MARKETING_VERSION = 1.0;
				PRODUCT_BUNDLE_IDENTIFIER = com.huseyinataseven.replai;
				PRODUCT_NAME = "$(TARGET_NAME)";
				SWIFT_EMIT_LOC_STRINGS = YES;
				SWIFT_STRICT_CONCURRENCY = complete;
				SWIFT_VERSION = 6.0;
				TARGETED_DEVICE_FAMILY = 1;
				FRAMEWORK_SEARCH_PATHS = ("$(inherited)", "$(PLATFORM_DIR)/Developer/Library/Frameworks");
				OTHER_LDFLAGS = ("$(inherited)", "-weak_framework", StoreKitTest);
			};
			name = Debug;
		};
		4228C6014FDB450F9DCD91E7 /* Release */ = {
			isa = XCBuildConfiguration;
			buildSettings = {
				ALWAYS_SEARCH_USER_PATHS = NO;
				CLANG_ANALYZER_NONNULL = YES;
				CLANG_ANALYZER_NUMBER_OBJECT_CONVERSION = YES_AGGRESSIVE;
				CLANG_CXX_LANGUAGE_STANDARD = "gnu++20";
				CLANG_ENABLE_MODULES = YES;
				CLANG_ENABLE_OBJC_ARC = YES;
				CLANG_ENABLE_OBJC_WEAK = YES;
				CLANG_WARN_BLOCK_CAPTURE_AUTORELEASING = YES;
				CLANG_WARN_BOOL_CONVERSION = YES;
				CLANG_WARN_COMMA = YES;
				CLANG_WARN_CONSTANT_CONVERSION = YES;
				CLANG_WARN_DEPRECATED_OBJC_IMPLEMENTATIONS = YES;
				CLANG_WARN_DIRECT_OBJC_ISA_USAGE = YES_ERROR;
				CLANG_WARN_EMPTY_BODY = YES;
				CLANG_WARN_ENUM_CONVERSION = YES;
				CLANG_WARN_INFINITE_RECURSION = YES;
				CLANG_WARN_INT_CONVERSION = YES;
				CLANG_WARN_NON_LITERAL_NULL_CONVERSION = YES;
				CLANG_WARN_OBJC_IMPLICIT_RETAIN_SELF = YES;
				CLANG_WARN_OBJC_LITERAL_CONVERSION = YES;
				CLANG_WARN_OBJC_ROOT_CLASS = YES_ERROR;
				CLANG_WARN_QUOTED_INCLUDE_IN_FRAMEWORK_HEADER = YES;
				CLANG_WARN_RANGE_LOOP_ANALYSIS = YES;
				CLANG_WARN_STRICT_PROTOTYPES = YES;
				CLANG_WARN_SUSPICIOUS_MOVE = YES;
				CLANG_WARN_UNGUARDED_AVAILABILITY = YES_AGGRESSIVE;
				CLANG_WARN_UNREACHABLE_CODE = YES;
				CLANG_WARN__DUPLICATE_METHOD_MATCH = YES;
				COPY_PHASE_STRIP = NO;
				DEBUG_INFORMATION_FORMAT = "dwarf-with-dsym";
				ENABLE_STRICT_OBJC_MSGSEND = YES;
				ENABLE_TESTABILITY = YES;
				GCC_C_LANGUAGE_STANDARD = gnu17;
				GCC_DYNAMIC_NO_PIC = NO;
				GCC_NO_COMMON_BLOCKS = YES;
				GCC_OPTIMIZATION_LEVEL = 0;
				GCC_PREPROCESSOR_DEFINITIONS = ("$(inherited)");
				GCC_WARN_64_TO_32_BIT_CONVERSION = YES;
				GCC_WARN_ABOUT_RETURN_TYPE = YES_ERROR;
				GCC_WARN_UNDECLARED_SELECTOR = YES;
				GCC_WARN_UNINITIALIZED_AUTOS = YES_AGGRESSIVE;
				GCC_WARN_UNUSED_FUNCTION = YES;
				GCC_WARN_UNUSED_VARIABLE = YES;
				IPHONEOS_DEPLOYMENT_TARGET = 26.0;
				MTL_ENABLE_DEBUG_INFO = NO;
				MTL_FAST_MATH = YES;
				ONLY_ACTIVE_ARCH = NO;
				SDKROOT = iphoneos;
				SWIFT_ACTIVE_COMPILATION_CONDITIONS = "";
				SWIFT_OPTIMIZATION_LEVEL = "-O";
				ENABLE_NS_ASSERTIONS = NO;
				SWIFT_COMPILATION_MODE = wholemodule;
				VALIDATE_PRODUCT = YES;
				ASSETCATALOG_COMPILER_APPICON_NAME = AppIcon;
				CODE_SIGN_ENTITLEMENTS = Configuration/ReplAI.entitlements;
				CODE_SIGN_STYLE = Automatic;
				CURRENT_PROJECT_VERSION = 1;
				DEVELOPMENT_TEAM = RS8JSBN29A;
				GENERATE_INFOPLIST_FILE = NO;
				INFOPLIST_FILE = ReplAI/App/Info.plist;
				LD_RUNPATH_SEARCH_PATHS = ("$(inherited)", "@executable_path/Frameworks");
				MARKETING_VERSION = 1.0;
				PRODUCT_BUNDLE_IDENTIFIER = com.huseyinataseven.replai;
				PRODUCT_NAME = "$(TARGET_NAME)";
				SWIFT_EMIT_LOC_STRINGS = YES;
				SWIFT_STRICT_CONCURRENCY = complete;
				SWIFT_VERSION = 6.0;
				TARGETED_DEVICE_FAMILY = 1;
			};
			name = Release;
		};
		2644CA74C60341D392627D76 /* Debug */ = {
			isa = XCBuildConfiguration;
			buildSettings = {
				ALWAYS_SEARCH_USER_PATHS = NO;
				CLANG_ANALYZER_NONNULL = YES;
				CLANG_ANALYZER_NUMBER_OBJECT_CONVERSION = YES_AGGRESSIVE;
				CLANG_CXX_LANGUAGE_STANDARD = "gnu++20";
				CLANG_ENABLE_MODULES = YES;
				CLANG_ENABLE_OBJC_ARC = YES;
				CLANG_ENABLE_OBJC_WEAK = YES;
				CLANG_WARN_BLOCK_CAPTURE_AUTORELEASING = YES;
				CLANG_WARN_BOOL_CONVERSION = YES;
				CLANG_WARN_COMMA = YES;
				CLANG_WARN_CONSTANT_CONVERSION = YES;
				CLANG_WARN_DEPRECATED_OBJC_IMPLEMENTATIONS = YES;
				CLANG_WARN_DIRECT_OBJC_ISA_USAGE = YES_ERROR;
				CLANG_WARN_EMPTY_BODY = YES;
				CLANG_WARN_ENUM_CONVERSION = YES;
				CLANG_WARN_INFINITE_RECURSION = YES;
				CLANG_WARN_INT_CONVERSION = YES;
				CLANG_WARN_NON_LITERAL_NULL_CONVERSION = YES;
				CLANG_WARN_OBJC_IMPLICIT_RETAIN_SELF = YES;
				CLANG_WARN_OBJC_LITERAL_CONVERSION = YES;
				CLANG_WARN_OBJC_ROOT_CLASS = YES_ERROR;
				CLANG_WARN_QUOTED_INCLUDE_IN_FRAMEWORK_HEADER = YES;
				CLANG_WARN_RANGE_LOOP_ANALYSIS = YES;
				CLANG_WARN_STRICT_PROTOTYPES = YES;
				CLANG_WARN_SUSPICIOUS_MOVE = YES;
				CLANG_WARN_UNGUARDED_AVAILABILITY = YES_AGGRESSIVE;
				CLANG_WARN_UNREACHABLE_CODE = YES;
				CLANG_WARN__DUPLICATE_METHOD_MATCH = YES;
				COPY_PHASE_STRIP = NO;
				DEBUG_INFORMATION_FORMAT = dwarf;
				ENABLE_STRICT_OBJC_MSGSEND = YES;
				ENABLE_TESTABILITY = YES;
				GCC_C_LANGUAGE_STANDARD = gnu17;
				GCC_DYNAMIC_NO_PIC = NO;
				GCC_NO_COMMON_BLOCKS = YES;
				GCC_OPTIMIZATION_LEVEL = 0;
				GCC_PREPROCESSOR_DEFINITIONS = ("DEBUG=1", "$(inherited)");
				GCC_WARN_64_TO_32_BIT_CONVERSION = YES;
				GCC_WARN_ABOUT_RETURN_TYPE = YES_ERROR;
				GCC_WARN_UNDECLARED_SELECTOR = YES;
				GCC_WARN_UNINITIALIZED_AUTOS = YES_AGGRESSIVE;
				GCC_WARN_UNUSED_FUNCTION = YES;
				GCC_WARN_UNUSED_VARIABLE = YES;
				IPHONEOS_DEPLOYMENT_TARGET = 26.0;
				MTL_ENABLE_DEBUG_INFO = INCLUDE_SOURCE;
				MTL_FAST_MATH = YES;
				ONLY_ACTIVE_ARCH = YES;
				SDKROOT = iphoneos;
				SWIFT_ACTIVE_COMPILATION_CONDITIONS = DEBUG;
				SWIFT_OPTIMIZATION_LEVEL = "-Onone";
				CODE_SIGN_ENTITLEMENTS = Configuration/ReplAIShareExtension.entitlements;
				CODE_SIGN_STYLE = Automatic;
				CURRENT_PROJECT_VERSION = 1;
				DEVELOPMENT_TEAM = RS8JSBN29A;
				GENERATE_INFOPLIST_FILE = NO;
				INFOPLIST_FILE = ReplAIShareExtension/Info.plist;
				LD_RUNPATH_SEARCH_PATHS = ("$(inherited)", "@executable_path/../../Frameworks");
				MARKETING_VERSION = 1.0;
				PRODUCT_BUNDLE_IDENTIFIER = com.huseyinataseven.replai.shareextension;
				PRODUCT_NAME = "$(TARGET_NAME)";
				SKIP_INSTALL = YES;
				SWIFT_EMIT_LOC_STRINGS = YES;
				SWIFT_STRICT_CONCURRENCY = complete;
				SWIFT_VERSION = 6.0;
				TARGETED_DEVICE_FAMILY = 1;
			};
			name = Debug;
		};
		317E54C0AD44456AA1F2F681 /* Release */ = {
			isa = XCBuildConfiguration;
			buildSettings = {
				ALWAYS_SEARCH_USER_PATHS = NO;
				CLANG_ANALYZER_NONNULL = YES;
				CLANG_ANALYZER_NUMBER_OBJECT_CONVERSION = YES_AGGRESSIVE;
				CLANG_CXX_LANGUAGE_STANDARD = "gnu++20";
				CLANG_ENABLE_MODULES = YES;
				CLANG_ENABLE_OBJC_ARC = YES;
				CLANG_ENABLE_OBJC_WEAK = YES;
				CLANG_WARN_BLOCK_CAPTURE_AUTORELEASING = YES;
				CLANG_WARN_BOOL_CONVERSION = YES;
				CLANG_WARN_COMMA = YES;
				CLANG_WARN_CONSTANT_CONVERSION = YES;
				CLANG_WARN_DEPRECATED_OBJC_IMPLEMENTATIONS = YES;
				CLANG_WARN_DIRECT_OBJC_ISA_USAGE = YES_ERROR;
				CLANG_WARN_EMPTY_BODY = YES;
				CLANG_WARN_ENUM_CONVERSION = YES;
				CLANG_WARN_INFINITE_RECURSION = YES;
				CLANG_WARN_INT_CONVERSION = YES;
				CLANG_WARN_NON_LITERAL_NULL_CONVERSION = YES;
				CLANG_WARN_OBJC_IMPLICIT_RETAIN_SELF = YES;
				CLANG_WARN_OBJC_LITERAL_CONVERSION = YES;
				CLANG_WARN_OBJC_ROOT_CLASS = YES_ERROR;
				CLANG_WARN_QUOTED_INCLUDE_IN_FRAMEWORK_HEADER = YES;
				CLANG_WARN_RANGE_LOOP_ANALYSIS = YES;
				CLANG_WARN_STRICT_PROTOTYPES = YES;
				CLANG_WARN_SUSPICIOUS_MOVE = YES;
				CLANG_WARN_UNGUARDED_AVAILABILITY = YES_AGGRESSIVE;
				CLANG_WARN_UNREACHABLE_CODE = YES;
				CLANG_WARN__DUPLICATE_METHOD_MATCH = YES;
				COPY_PHASE_STRIP = NO;
				DEBUG_INFORMATION_FORMAT = "dwarf-with-dsym";
				ENABLE_STRICT_OBJC_MSGSEND = YES;
				ENABLE_TESTABILITY = YES;
				GCC_C_LANGUAGE_STANDARD = gnu17;
				GCC_DYNAMIC_NO_PIC = NO;
				GCC_NO_COMMON_BLOCKS = YES;
				GCC_OPTIMIZATION_LEVEL = 0;
				GCC_PREPROCESSOR_DEFINITIONS = ("$(inherited)");
				GCC_WARN_64_TO_32_BIT_CONVERSION = YES;
				GCC_WARN_ABOUT_RETURN_TYPE = YES_ERROR;
				GCC_WARN_UNDECLARED_SELECTOR = YES;
				GCC_WARN_UNINITIALIZED_AUTOS = YES_AGGRESSIVE;
				GCC_WARN_UNUSED_FUNCTION = YES;
				GCC_WARN_UNUSED_VARIABLE = YES;
				IPHONEOS_DEPLOYMENT_TARGET = 26.0;
				MTL_ENABLE_DEBUG_INFO = NO;
				MTL_FAST_MATH = YES;
				ONLY_ACTIVE_ARCH = NO;
				SDKROOT = iphoneos;
				SWIFT_ACTIVE_COMPILATION_CONDITIONS = "";
				SWIFT_OPTIMIZATION_LEVEL = "-O";
				ENABLE_NS_ASSERTIONS = NO;
				SWIFT_COMPILATION_MODE = wholemodule;
				VALIDATE_PRODUCT = YES;
				CODE_SIGN_ENTITLEMENTS = Configuration/ReplAIShareExtension.entitlements;
				CODE_SIGN_STYLE = Automatic;
				CURRENT_PROJECT_VERSION = 1;
				DEVELOPMENT_TEAM = RS8JSBN29A;
				GENERATE_INFOPLIST_FILE = NO;
				INFOPLIST_FILE = ReplAIShareExtension/Info.plist;
				LD_RUNPATH_SEARCH_PATHS = ("$(inherited)", "@executable_path/../../Frameworks");
				MARKETING_VERSION = 1.0;
				PRODUCT_BUNDLE_IDENTIFIER = com.huseyinataseven.replai.shareextension;
				PRODUCT_NAME = "$(TARGET_NAME)";
				SKIP_INSTALL = YES;
				SWIFT_EMIT_LOC_STRINGS = YES;
				SWIFT_STRICT_CONCURRENCY = complete;
				SWIFT_VERSION = 6.0;
				TARGETED_DEVICE_FAMILY = 1;
			};
			name = Release;
		};
/* End XCBuildConfiguration section */

/* Begin XCConfigurationList section */
		C0A6EEEA081741CFA5BDC8CD /* Build configuration list for PBXProject "ReplAI" */ = {
			isa = XCConfigurationList;
			buildConfigurations = (
				228E04AF1EB0486F8541BD4D /* Debug */,
				882690521D344DC6BDAED535 /* Release */,
			);
			defaultConfigurationIsVisible = 0;
			defaultConfigurationName = Release;
		};
		E22EAB84F1FB41DB98AE1F16 /* Build configuration list for PBXNativeTarget "ReplAI" */ = {
			isa = XCConfigurationList;
			buildConfigurations = (
				4ECE1D76C8A047B7BDD8997A /* Debug */,
				4228C6014FDB450F9DCD91E7 /* Release */,
			);
			defaultConfigurationIsVisible = 0;
			defaultConfigurationName = Release;
		};
		5F94D2FA9CA741759F10A4F3 /* Build configuration list for PBXNativeTarget "ReplAIShareExtension" */ = {
			isa = XCConfigurationList;
			buildConfigurations = (
				2644CA74C60341D392627D76 /* Debug */,
				317E54C0AD44456AA1F2F681 /* Release */,
			);
			defaultConfigurationIsVisible = 0;
			defaultConfigurationName = Release;
		};
/* End XCConfigurationList section */
	};
	rootObject = C6E5C27EEF614C7CB2468326 /* Project object */;
}
