// !$*UTF8*$!
{
	archiveVersion = 1;
	classes = {
	};
	objectVersion = 77;
	objects = {

/* Begin PBXBuildFile section */
		3753268CC471445FAD609AFD /* ReplAIApp.swift in Sources */ = {isa = PBXBuildFile; fileRef = 315BB76AF3FF4A69A3827191 /* ReplAIApp.swift */; };
		13AFC3CA9671499FBA11319E /* AppDesign.swift in Sources */ = {isa = PBXBuildFile; fileRef = 6CF3D7FF337E4E28BA583337 /* AppDesign.swift */; };
		DE37B38C61494D2C84A84C34 /* AppDesign.swift in Sources */ = {isa = PBXBuildFile; fileRef = 6CF3D7FF337E4E28BA583337 /* AppDesign.swift */; };
		39ECC0385F744657A8945B22 /* ReplyTone.swift in Sources */ = {isa = PBXBuildFile; fileRef = 2852BFEEDD15422DB0CADE90 /* ReplyTone.swift */; };
		1B95BCF2EB9F4169AE81275E /* ReplyTone.swift in Sources */ = {isa = PBXBuildFile; fileRef = 2852BFEEDD15422DB0CADE90 /* ReplyTone.swift */; };
		8EFE0D9E6E4243ED88E2DB2C /* ConversationAnalysis.swift in Sources */ = {isa = PBXBuildFile; fileRef = 464437208C6A4A3287664790 /* ConversationAnalysis.swift */; };
		5234088527834542BC742C68 /* IdentifiableImage.swift in Sources */ = {isa = PBXBuildFile; fileRef = 4F6C9F0034B241EF8A0AE1A7 /* IdentifiableImage.swift */; };
		99903D826C0D4B3384FD278E /* VisionService.swift in Sources */ = {isa = PBXBuildFile; fileRef = E30C03D243CB481CACE31E35 /* VisionService.swift */; };
		44189B280AE04513B046F9ED /* AICoachService.swift in Sources */ = {isa = PBXBuildFile; fileRef = E91482585D114D78A1B96DE8 /* AICoachService.swift */; };
		B8F0990599604C078E50C80E /* UsageTracker.swift in Sources */ = {isa = PBXBuildFile; fileRef = 7E958D62C4D64E34A53CEDFB /* UsageTracker.swift */; };
		B622F30DE6044A668B7198AF /* SubscriptionManager.swift in Sources */ = {isa = PBXBuildFile; fileRef = BFDA1C6D73DE43A495FAA6CB /* SubscriptionManager.swift */; };
		00B7023B94554C329EC11E0A /* HomeView.swift in Sources */ = {isa = PBXBuildFile; fileRef = 43BFFD9BC5504A33A7727363 /* HomeView.swift */; };
		341C1F3BDD9F44378F566C34 /* HomeHeaderView.swift in Sources */ = {isa = PBXBuildFile; fileRef = DF7E59FE5569438DBE4ACFDD /* HomeHeaderView.swift */; };
		E518643011204D938BC041CB /* HomeActionSection.swift in Sources */ = {isa = PBXBuildFile; fileRef = F347082A64B6414688F2CA45 /* HomeActionSection.swift */; };
		AE56888ED9CC4289A968EED7 /* HowItWorksCard.swift in Sources */ = {isa = PBXBuildFile; fileRef = 90DC8684119E463CBCA05E89 /* HowItWorksCard.swift */; };
		B004231B2B0C4536A1389C06 /* StepRowView.swift in Sources */ = {isa = PBXBuildFile; fileRef = 6B5CCE2F05744836B0014622 /* StepRowView.swift */; };
		82E1555BF42C49CCA75EFAF9 /* UsageBadgeView.swift in Sources */ = {isa = PBXBuildFile; fileRef = 92618F579CA24DE6B898B306 /* UsageBadgeView.swift */; };
		8CE28149D3F246D6A67C5FF6 /* MainActionButton.swift in Sources */ = {isa = PBXBuildFile; fileRef = E7964CB2461843AB9798BE5C /* MainActionButton.swift */; };
		6ADE5BB3AFB947C2988813CD /* MainActionButtonLabel.swift in Sources */ = {isa = PBXBuildFile; fileRef = A260AF07CC304834A05ABFCA /* MainActionButtonLabel.swift */; };
		8BABC0073CDA44309CD09A89 /* AnalysisViewModel.swift in Sources */ = {isa = PBXBuildFile; fileRef = 2CD7D315FF934265918F599A /* AnalysisViewModel.swift */; };
		F6ECE8A85CE24C0C8E056FA6 /* AnalysisView.swift in Sources */ = {isa = PBXBuildFile; fileRef = 7ED217D0BDD24BC694BF9793 /* AnalysisView.swift */; };
		550F7FF570C5428CBD25A8CE /* AnalysisSummaryCard.swift in Sources */ = {isa = PBXBuildFile; fileRef = 07DC839B07004BCF92A0D748 /* AnalysisSummaryCard.swift */; };
		81DDCDB18CED422F9EA7B0CF /* ReplyCardView.swift in Sources */ = {isa = PBXBuildFile; fileRef = EB8051B9C13348B8963C7966 /* ReplyCardView.swift */; };
		E4D9D78005E041579BC4DD92 /* LoadingView.swift in Sources */ = {isa = PBXBuildFile; fileRef = 17012B5A270A44878F7AFF7D /* LoadingView.swift */; };
		6EAFE226B6194EA488CD465E /* AnalysisResultsView.swift in Sources */ = {isa = PBXBuildFile; fileRef = 0F773A1EF89944328FDFC420 /* AnalysisResultsView.swift */; };
		0730E65B7BAF49629D2E788C /* AnalysisErrorView.swift in Sources */ = {isa = PBXBuildFile; fileRef = 173D40FF3AE74FF9BF94C347 /* AnalysisErrorView.swift */; };
		6ABFE883B4AE4503A54F138D /* PaywallGate.swift in Sources */ = {isa = PBXBuildFile; fileRef = 0B8C03B54BDE41A487BF2542 /* PaywallGate.swift */; };
		DA6E3D5055BE400E98730E77 /* PaywallViewModel.swift in Sources */ = {isa = PBXBuildFile; fileRef = F47C382E9D054EA3AA2B9670 /* PaywallViewModel.swift */; };
		CD81A8E964A1421EBDA5F7D2 /* PaywallView.swift in Sources */ = {isa = PBXBuildFile; fileRef = 329125F59594443F896BF5DA /* PaywallView.swift */; };
		51533BA3AAE847A18F6E988F /* PaywallHeaderView.swift in Sources */ = {isa = PBXBuildFile; fileRef = 2C8BB0C03D414D1F9F2E3DE3 /* PaywallHeaderView.swift */; };
		40F6054E232D4AB6A64119E6 /* PaywallFeaturesCard.swift in Sources */ = {isa = PBXBuildFile; fileRef = EEC477528BD64251B790FE14 /* PaywallFeaturesCard.swift */; };
		02720A34511C4A50ADDE242B /* FeatureRowView.swift in Sources */ = {isa = PBXBuildFile; fileRef = 48E54E971E7F4966A643A9A5 /* FeatureRowView.swift */; };
		B43336417F554FF298A680CC /* PlanRowView.swift in Sources */ = {isa = PBXBuildFile; fileRef = 4CF172B7411E40A8B687C7D0 /* PlanRowView.swift */; };
		F1B534A7FE964A5C9B5E5AF6 /* PaywallFooterView.swift in Sources */ = {isa = PBXBuildFile; fileRef = EB713901D3A34E1983C65E39 /* PaywallFooterView.swift */; };
		AED15A171597427C8A15CE07 /* ShareViewController.swift in Sources */ = {isa = PBXBuildFile; fileRef = 8F7ED5052B524B539B388460 /* ShareViewController.swift */; };
		B213F792BF994FFF924A197B /* ShareView.swift in Sources */ = {isa = PBXBuildFile; fileRef = C9ECD0CC9416405E843057C3 /* ShareView.swift */; };
		19573D55F864496892B98E90 /* ReplAIShareExtension.appex in Embed Foundation Extensions */ = {isa = PBXBuildFile; fileRef = 83E98D0079F24B5BA68277F9 /* ReplAIShareExtension.appex */; settings = {ATTRIBUTES = (RemoveHeadersOnCopy, ); }; };
		D75DDFE462364CC5BD81BD97 /* Assets.xcassets in Resources */ = {isa = PBXBuildFile; fileRef = EC3BE7294A0B48BFB1D81F53 /* Assets.xcassets */; };
		FB4742003A0C43BEBADF35F2 /* StoreKit.storekit in Resources */ = {isa = PBXBuildFile; fileRef = ACDC19BCA4CF463C9AFBB4DB /* StoreKit.storekit */; };
		2542F4F609514938A95CC39E /* Localizable.xcstrings in Resources */ = {isa = PBXBuildFile; fileRef = 5051949FAAA040EFA9D1535B /* Localizable.xcstrings */; };
		0CE305C4A1914E2C8359427D /* Localizable.xcstrings in Resources */ = {isa = PBXBuildFile; fileRef = 5051949FAAA040EFA9D1535B /* Localizable.xcstrings */; };
/* End PBXBuildFile section */

/* Begin PBXContainerItemProxy section */
		11C1E93D6F4B4791B837C053 /* PBXContainerItemProxy */ = {
			isa = PBXContainerItemProxy;
			containerPortal = 089EEB8D782B4BFF8A78B143 /* Project object */;
			proxyType = 1;
			remoteGlobalIDString = 794DA2A13F496AC8E724EAD4;
			remoteInfo = ReplAIShareExtension;
		};
/* End PBXContainerItemProxy section */

/* Begin PBXCopyFilesBuildPhase section */
		EBFAE160031D4A8BABF185D6 /* Embed Foundation Extensions */ = {
			isa = PBXCopyFilesBuildPhase;
			buildActionMask = 2147483647;
			dstPath = "";
			dstSubfolderSpec = 13;
			files = (
				19573D55F864496892B98E90 /* ReplAIShareExtension.appex in Embed Foundation Extensions */,
			);
			name = "Embed Foundation Extensions";
			runOnlyForDeploymentPostprocessing = 0;
		};
/* End PBXCopyFilesBuildPhase section */

/* Begin PBXFileReference section */
		315BB76AF3FF4A69A3827191 /* ReplAIApp.swift */ = {isa = PBXFileReference; lastKnownFileType = sourcecode.swift; path = ReplAIApp.swift; sourceTree = "<group>"; };
		6CF3D7FF337E4E28BA583337 /* AppDesign.swift */ = {isa = PBXFileReference; lastKnownFileType = sourcecode.swift; path = AppDesign.swift; sourceTree = "<group>"; };
		2852BFEEDD15422DB0CADE90 /* ReplyTone.swift */ = {isa = PBXFileReference; lastKnownFileType = sourcecode.swift; path = ReplyTone.swift; sourceTree = "<group>"; };
		464437208C6A4A3287664790 /* ConversationAnalysis.swift */ = {isa = PBXFileReference; lastKnownFileType = sourcecode.swift; path = ConversationAnalysis.swift; sourceTree = "<group>"; };
		4F6C9F0034B241EF8A0AE1A7 /* IdentifiableImage.swift */ = {isa = PBXFileReference; lastKnownFileType = sourcecode.swift; path = IdentifiableImage.swift; sourceTree = "<group>"; };
		E30C03D243CB481CACE31E35 /* VisionService.swift */ = {isa = PBXFileReference; lastKnownFileType = sourcecode.swift; path = VisionService.swift; sourceTree = "<group>"; };
		E91482585D114D78A1B96DE8 /* AICoachService.swift */ = {isa = PBXFileReference; lastKnownFileType = sourcecode.swift; path = AICoachService.swift; sourceTree = "<group>"; };
		7E958D62C4D64E34A53CEDFB /* UsageTracker.swift */ = {isa = PBXFileReference; lastKnownFileType = sourcecode.swift; path = UsageTracker.swift; sourceTree = "<group>"; };
		BFDA1C6D73DE43A495FAA6CB /* SubscriptionManager.swift */ = {isa = PBXFileReference; lastKnownFileType = sourcecode.swift; path = SubscriptionManager.swift; sourceTree = "<group>"; };
		43BFFD9BC5504A33A7727363 /* HomeView.swift */ = {isa = PBXFileReference; lastKnownFileType = sourcecode.swift; path = HomeView.swift; sourceTree = "<group>"; };
		DF7E59FE5569438DBE4ACFDD /* HomeHeaderView.swift */ = {isa = PBXFileReference; lastKnownFileType = sourcecode.swift; path = HomeHeaderView.swift; sourceTree = "<group>"; };
		F347082A64B6414688F2CA45 /* HomeActionSection.swift */ = {isa = PBXFileReference; lastKnownFileType = sourcecode.swift; path = HomeActionSection.swift; sourceTree = "<group>"; };
		90DC8684119E463CBCA05E89 /* HowItWorksCard.swift */ = {isa = PBXFileReference; lastKnownFileType = sourcecode.swift; path = HowItWorksCard.swift; sourceTree = "<group>"; };
		6B5CCE2F05744836B0014622 /* StepRowView.swift */ = {isa = PBXFileReference; lastKnownFileType = sourcecode.swift; path = StepRowView.swift; sourceTree = "<group>"; };
		92618F579CA24DE6B898B306 /* UsageBadgeView.swift */ = {isa = PBXFileReference; lastKnownFileType = sourcecode.swift; path = UsageBadgeView.swift; sourceTree = "<group>"; };
		E7964CB2461843AB9798BE5C /* MainActionButton.swift */ = {isa = PBXFileReference; lastKnownFileType = sourcecode.swift; path = MainActionButton.swift; sourceTree = "<group>"; };
		A260AF07CC304834A05ABFCA /* MainActionButtonLabel.swift */ = {isa = PBXFileReference; lastKnownFileType = sourcecode.swift; path = MainActionButtonLabel.swift; sourceTree = "<group>"; };
		2CD7D315FF934265918F599A /* AnalysisViewModel.swift */ = {isa = PBXFileReference; lastKnownFileType = sourcecode.swift; path = AnalysisViewModel.swift; sourceTree = "<group>"; };
		7ED217D0BDD24BC694BF9793 /* AnalysisView.swift */ = {isa = PBXFileReference; lastKnownFileType = sourcecode.swift; path = AnalysisView.swift; sourceTree = "<group>"; };
		07DC839B07004BCF92A0D748 /* AnalysisSummaryCard.swift */ = {isa = PBXFileReference; lastKnownFileType = sourcecode.swift; path = AnalysisSummaryCard.swift; sourceTree = "<group>"; };
		EB8051B9C13348B8963C7966 /* ReplyCardView.swift */ = {isa = PBXFileReference; lastKnownFileType = sourcecode.swift; path = ReplyCardView.swift; sourceTree = "<group>"; };
		17012B5A270A44878F7AFF7D /* LoadingView.swift */ = {isa = PBXFileReference; lastKnownFileType = sourcecode.swift; path = LoadingView.swift; sourceTree = "<group>"; };
		0F773A1EF89944328FDFC420 /* AnalysisResultsView.swift */ = {isa = PBXFileReference; lastKnownFileType = sourcecode.swift; path = AnalysisResultsView.swift; sourceTree = "<group>"; };
		173D40FF3AE74FF9BF94C347 /* AnalysisErrorView.swift */ = {isa = PBXFileReference; lastKnownFileType = sourcecode.swift; path = AnalysisErrorView.swift; sourceTree = "<group>"; };
		0B8C03B54BDE41A487BF2542 /* PaywallGate.swift */ = {isa = PBXFileReference; lastKnownFileType = sourcecode.swift; path = PaywallGate.swift; sourceTree = "<group>"; };
		F47C382E9D054EA3AA2B9670 /* PaywallViewModel.swift */ = {isa = PBXFileReference; lastKnownFileType = sourcecode.swift; path = PaywallViewModel.swift; sourceTree = "<group>"; };
		329125F59594443F896BF5DA /* PaywallView.swift */ = {isa = PBXFileReference; lastKnownFileType = sourcecode.swift; path = PaywallView.swift; sourceTree = "<group>"; };
		2C8BB0C03D414D1F9F2E3DE3 /* PaywallHeaderView.swift */ = {isa = PBXFileReference; lastKnownFileType = sourcecode.swift; path = PaywallHeaderView.swift; sourceTree = "<group>"; };
		EEC477528BD64251B790FE14 /* PaywallFeaturesCard.swift */ = {isa = PBXFileReference; lastKnownFileType = sourcecode.swift; path = PaywallFeaturesCard.swift; sourceTree = "<group>"; };
		48E54E971E7F4966A643A9A5 /* FeatureRowView.swift */ = {isa = PBXFileReference; lastKnownFileType = sourcecode.swift; path = FeatureRowView.swift; sourceTree = "<group>"; };
		4CF172B7411E40A8B687C7D0 /* PlanRowView.swift */ = {isa = PBXFileReference; lastKnownFileType = sourcecode.swift; path = PlanRowView.swift; sourceTree = "<group>"; };
		EB713901D3A34E1983C65E39 /* PaywallFooterView.swift */ = {isa = PBXFileReference; lastKnownFileType = sourcecode.swift; path = PaywallFooterView.swift; sourceTree = "<group>"; };
		8F7ED5052B524B539B388460 /* ShareViewController.swift */ = {isa = PBXFileReference; lastKnownFileType = sourcecode.swift; path = ShareViewController.swift; sourceTree = "<group>"; };
		C9ECD0CC9416405E843057C3 /* ShareView.swift */ = {isa = PBXFileReference; lastKnownFileType = sourcecode.swift; path = ShareView.swift; sourceTree = "<group>"; };
		8B544523C06D455ABC8BC9A4 /* ReplAI.app */ = {isa = PBXFileReference; explicitFileType = wrapper.application; includeInIndex = 0; path = ReplAI.app; sourceTree = BUILT_PRODUCTS_DIR; };
		83E98D0079F24B5BA68277F9 /* ReplAIShareExtension.appex */ = {isa = PBXFileReference; explicitFileType = "com.apple.product-type.app-extension"; includeInIndex = 0; path = ReplAIShareExtension.appex; sourceTree = BUILT_PRODUCTS_DIR; };
		56202FF8DD754F00B8D415B9 /* ReplAI.entitlements */ = {isa = PBXFileReference; lastKnownFileType = text.plist.entitlements; path = ReplAI.entitlements; sourceTree = "<group>"; };
		0F4F1170C17340EEA2A60F59 /* ReplAIShareExtension.entitlements */ = {isa = PBXFileReference; lastKnownFileType = text.plist.entitlements; path = ReplAIShareExtension.entitlements; sourceTree = "<group>"; };
		8AA010854B424D0699E96791 /* Info.plist */ = {isa = PBXFileReference; lastKnownFileType = text.plist.xml; path = Info.plist; sourceTree = "<group>"; };
		12E6D197D6BA4FF088BA4823 /* Info.plist */ = {isa = PBXFileReference; lastKnownFileType = text.plist.xml; path = Info.plist; sourceTree = "<group>"; };
		ACDC19BCA4CF463C9AFBB4DB /* StoreKit.storekit */ = {isa = PBXFileReference; lastKnownFileType = text; path = StoreKit.storekit; sourceTree = "<group>"; };
		5051949FAAA040EFA9D1535B /* Localizable.xcstrings */ = {isa = PBXFileReference; lastKnownFileType = text.plist.xcstrings; path = Localizable.xcstrings; sourceTree = "<group>"; };
		EC3BE7294A0B48BFB1D81F53 /* Assets.xcassets */ = {isa = PBXFileReference; lastKnownFileType = folder.assetcatalog; path = Assets.xcassets; sourceTree = "<group>"; };
/* End PBXFileReference section */

/* Begin PBXFrameworksBuildPhase section */
		2EF71402092C4367B7D84845 /* Frameworks */ = {
			isa = PBXFrameworksBuildPhase;
			buildActionMask = 2147483647;
			files = (
			);
			runOnlyForDeploymentPostprocessing = 0;
		};
		7406D7E8586D4550A31E1AA0 /* Frameworks */ = {
			isa = PBXFrameworksBuildPhase;
			buildActionMask = 2147483647;
			files = (
			);
			runOnlyForDeploymentPostprocessing = 0;
		};
/* End PBXFrameworksBuildPhase section */

/* Begin PBXGroup section */
		2DD0FBD6A80C4E2DADFBE170 /* App */ = {
			isa = PBXGroup;
			children = (
				315BB76AF3FF4A69A3827191 /* ReplAIApp.swift */,
				8AA010854B424D0699E96791 /* Info.plist */,
			);
			path = App;
			sourceTree = "<group>";
		};
		D96EB3FFDBC243C1B1E262C1 /* Design */ = {
			isa = PBXGroup;
			children = (
				6CF3D7FF337E4E28BA583337 /* AppDesign.swift */,
			);
			path = Design;
			sourceTree = "<group>";
		};
		3AE46150D71D49A3929B6907 /* Models */ = {
			isa = PBXGroup;
			children = (
				2852BFEEDD15422DB0CADE90 /* ReplyTone.swift */,
				464437208C6A4A3287664790 /* ConversationAnalysis.swift */,
				4F6C9F0034B241EF8A0AE1A7 /* IdentifiableImage.swift */,
			);
			path = Models;
			sourceTree = "<group>";
		};
		D5A28786FE25448598E448C6 /* Services */ = {
			isa = PBXGroup;
			children = (
				E30C03D243CB481CACE31E35 /* VisionService.swift */,
				E91482585D114D78A1B96DE8 /* AICoachService.swift */,
				7E958D62C4D64E34A53CEDFB /* UsageTracker.swift */,
				BFDA1C6D73DE43A495FAA6CB /* SubscriptionManager.swift */,
			);
			path = Services;
			sourceTree = "<group>";
		};
		93B35A6D10574B4395F9A234 /* Home */ = {
			isa = PBXGroup;
			children = (
				43BFFD9BC5504A33A7727363 /* HomeView.swift */,
				DF7E59FE5569438DBE4ACFDD /* HomeHeaderView.swift */,
				F347082A64B6414688F2CA45 /* HomeActionSection.swift */,
				90DC8684119E463CBCA05E89 /* HowItWorksCard.swift */,
				6B5CCE2F05744836B0014622 /* StepRowView.swift */,
				92618F579CA24DE6B898B306 /* UsageBadgeView.swift */,
				E7964CB2461843AB9798BE5C /* MainActionButton.swift */,
				A260AF07CC304834A05ABFCA /* MainActionButtonLabel.swift */,
			);
			path = Home;
			sourceTree = "<group>";
		};
		0C1E295561D54C6194190F0E /* Analysis */ = {
			isa = PBXGroup;
			children = (
				2CD7D315FF934265918F599A /* AnalysisViewModel.swift */,
				7ED217D0BDD24BC694BF9793 /* AnalysisView.swift */,
				07DC839B07004BCF92A0D748 /* AnalysisSummaryCard.swift */,
				EB8051B9C13348B8963C7966 /* ReplyCardView.swift */,
				17012B5A270A44878F7AFF7D /* LoadingView.swift */,
				0F773A1EF89944328FDFC420 /* AnalysisResultsView.swift */,
				173D40FF3AE74FF9BF94C347 /* AnalysisErrorView.swift */,
			);
			path = Analysis;
			sourceTree = "<group>";
		};
		F75A155C807848DDA9AB7420 /* Paywall */ = {
			isa = PBXGroup;
			children = (
				0B8C03B54BDE41A487BF2542 /* PaywallGate.swift */,
				F47C382E9D054EA3AA2B9670 /* PaywallViewModel.swift */,
				329125F59594443F896BF5DA /* PaywallView.swift */,
				2C8BB0C03D414D1F9F2E3DE3 /* PaywallHeaderView.swift */,
				EEC477528BD64251B790FE14 /* PaywallFeaturesCard.swift */,
				48E54E971E7F4966A643A9A5 /* FeatureRowView.swift */,
				4CF172B7411E40A8B687C7D0 /* PlanRowView.swift */,
				EB713901D3A34E1983C65E39 /* PaywallFooterView.swift */,
			);
			path = Paywall;
			sourceTree = "<group>";
		};
		05849846F7BF48B4B9D1ED6F /* Features */ = {
			isa = PBXGroup;
			children = (
				93B35A6D10574B4395F9A234 /* Home */,
				0C1E295561D54C6194190F0E /* Analysis */,
				F75A155C807848DDA9AB7420 /* Paywall */,
			);
			path = Features;
			sourceTree = "<group>";
		};
		9EAF49EDB9994B108F73D107 /* Resources */ = {
			isa = PBXGroup;
			children = (
				EC3BE7294A0B48BFB1D81F53 /* Assets.xcassets */,
			);
			path = Resources;
			sourceTree = "<group>";
		};
		2D32828FC84E4211998BA6FC /* ReplAI */ = {
			isa = PBXGroup;
			children = (
				2DD0FBD6A80C4E2DADFBE170 /* App */,
				D96EB3FFDBC243C1B1E262C1 /* Design */,
				3AE46150D71D49A3929B6907 /* Models */,
				D5A28786FE25448598E448C6 /* Services */,
				05849846F7BF48B4B9D1ED6F /* Features */,
				9EAF49EDB9994B108F73D107 /* Resources */,
				5051949FAAA040EFA9D1535B /* Localizable.xcstrings */,
			);
			path = ReplAI;
			sourceTree = "<group>";
		};
		D8FC4D64BB614C47A2BCFC2A /* ReplAIShareExtension */ = {
			isa = PBXGroup;
			children = (
				8F7ED5052B524B539B388460 /* ShareViewController.swift */,
				C9ECD0CC9416405E843057C3 /* ShareView.swift */,
				12E6D197D6BA4FF088BA4823 /* Info.plist */,
			);
			path = ReplAIShareExtension;
			sourceTree = "<group>";
		};
		0D941C37D4BE4AD9B9265682 /* Configuration */ = {
			isa = PBXGroup;
			children = (
				56202FF8DD754F00B8D415B9 /* ReplAI.entitlements */,
				0F4F1170C17340EEA2A60F59 /* ReplAIShareExtension.entitlements */,
				ACDC19BCA4CF463C9AFBB4DB /* StoreKit.storekit */,
			);
			path = Configuration;
			sourceTree = "<group>";
		};
		94203514FFF14E3DA16A1E83 /* Products */ = {
			isa = PBXGroup;
			children = (
				8B544523C06D455ABC8BC9A4 /* ReplAI.app */,
				83E98D0079F24B5BA68277F9 /* ReplAIShareExtension.appex */,
			);
			sourceTree = "<group>";
			name = Products;
		};
		1B2E8E8D6EA04210BF57413E /*  */ = {
			isa = PBXGroup;
			children = (
				2D32828FC84E4211998BA6FC /* ReplAI */,
				D8FC4D64BB614C47A2BCFC2A /* ReplAIShareExtension */,
				0D941C37D4BE4AD9B9265682 /* Configuration */,
				94203514FFF14E3DA16A1E83 /* Products */,
			);
			sourceTree = "<group>";
		};
/* End PBXGroup section */

/* Begin PBXNativeTarget section */
		5543841856FFCBB316A18FF7 /* ReplAI */ = {
			isa = PBXNativeTarget;
			buildConfigurationList = E91C35391F824C168EC9E4C7 /* Build configuration list for PBXNativeTarget "ReplAI" */;
			buildPhases = (
				D8CF9494146644BABD8B9C77 /* Sources */,
				2EF71402092C4367B7D84845 /* Frameworks */,
				91744035F2334E5E89B0D91E /* Resources */,
				EBFAE160031D4A8BABF185D6 /* Embed Foundation Extensions */,
			);
			buildRules = (
			);
			dependencies = (
				83AF0C122DA5446A80AE63E3 /* PBXTargetDependency */,
			);
			name = ReplAI;
			productName = ReplAI;
			productReference = 8B544523C06D455ABC8BC9A4 /* ReplAI.app */;
			productType = "com.apple.product-type.application";
		};
		794DA2A13F496AC8E724EAD4 /* ReplAIShareExtension */ = {
			isa = PBXNativeTarget;
			buildConfigurationList = D3C3A5C3C7B44C2C98705A66 /* Build configuration list for PBXNativeTarget "ReplAIShareExtension" */;
			buildPhases = (
				792B67ACBB104902B5F4C835 /* Sources */,
				7406D7E8586D4550A31E1AA0 /* Frameworks */,
				308A32EF91454C7981697AF1 /* Resources */,
			);
			buildRules = (
			);
			dependencies = (
			);
			name = ReplAIShareExtension;
			productName = ReplAIShareExtension;
			productReference = 83E98D0079F24B5BA68277F9 /* ReplAIShareExtension.appex */;
			productType = "com.apple.product-type.app-extension";
		};
/* End PBXNativeTarget section */

/* Begin PBXProject section */
		089EEB8D782B4BFF8A78B143 /* Project object */ = {
			isa = PBXProject;
			attributes = {
				BuildIndependentTargetsInParallel = 1;
				LastSwiftUpdateCheck = 1630;
				LastUpgradeCheck = 1630;
				TargetAttributes = {
					5543841856FFCBB316A18FF7 = {
						CreatedOnToolsVersion = 16.3;
					};
					794DA2A13F496AC8E724EAD4 = {
						CreatedOnToolsVersion = 16.3;
					};
				};
			};
			buildConfigurationList = FD0575A278C4480090794338 /* Build configuration list for PBXProject "ReplAI" */;
			compatibilityVersion = "Xcode 14.0";
			developmentRegion = en;
			hasScannedForEncodings = 0;
			knownRegions = (
				en,
				Base,
				de,
				es,
				fr,
				it,
				pt,
			);
			mainGroup = 1B2E8E8D6EA04210BF57413E;
			productRefGroup = 94203514FFF14E3DA16A1E83 /* Products */;
			projectDirPath = "";
			projectRoot = "";
			targets = (
				5543841856FFCBB316A18FF7 /* ReplAI */,
				794DA2A13F496AC8E724EAD4 /* ReplAIShareExtension */,
			);
		};
/* End PBXProject section */

/* Begin PBXResourcesBuildPhase section */
		91744035F2334E5E89B0D91E /* Resources */ = {
			isa = PBXResourcesBuildPhase;
			buildActionMask = 2147483647;
			files = (
				D75DDFE462364CC5BD81BD97 /* Assets.xcassets in Resources */,
				FB4742003A0C43BEBADF35F2 /* StoreKit.storekit in Resources */,
				2542F4F609514938A95CC39E /* Localizable.xcstrings in Resources */,
			);
			runOnlyForDeploymentPostprocessing = 0;
		};
		308A32EF91454C7981697AF1 /* Resources */ = {
			isa = PBXResourcesBuildPhase;
			buildActionMask = 2147483647;
			files = (
				0CE305C4A1914E2C8359427D /* Localizable.xcstrings in Resources */,
			);
			runOnlyForDeploymentPostprocessing = 0;
		};
/* End PBXResourcesBuildPhase section */

/* Begin PBXSourcesBuildPhase section */
		D8CF9494146644BABD8B9C77 /* Sources */ = {
			isa = PBXSourcesBuildPhase;
			buildActionMask = 2147483647;
			files = (
				3753268CC471445FAD609AFD /* ReplAIApp.swift in Sources */,
				13AFC3CA9671499FBA11319E /* AppDesign.swift in Sources */,
				39ECC0385F744657A8945B22 /* ReplyTone.swift in Sources */,
				8EFE0D9E6E4243ED88E2DB2C /* ConversationAnalysis.swift in Sources */,
				5234088527834542BC742C68 /* IdentifiableImage.swift in Sources */,
				99903D826C0D4B3384FD278E /* VisionService.swift in Sources */,
				44189B280AE04513B046F9ED /* AICoachService.swift in Sources */,
				B8F0990599604C078E50C80E /* UsageTracker.swift in Sources */,
				B622F30DE6044A668B7198AF /* SubscriptionManager.swift in Sources */,
				00B7023B94554C329EC11E0A /* HomeView.swift in Sources */,
				341C1F3BDD9F44378F566C34 /* HomeHeaderView.swift in Sources */,
				E518643011204D938BC041CB /* HomeActionSection.swift in Sources */,
				AE56888ED9CC4289A968EED7 /* HowItWorksCard.swift in Sources */,
				B004231B2B0C4536A1389C06 /* StepRowView.swift in Sources */,
				82E1555BF42C49CCA75EFAF9 /* UsageBadgeView.swift in Sources */,
				8CE28149D3F246D6A67C5FF6 /* MainActionButton.swift in Sources */,
				6ADE5BB3AFB947C2988813CD /* MainActionButtonLabel.swift in Sources */,
				8BABC0073CDA44309CD09A89 /* AnalysisViewModel.swift in Sources */,
				F6ECE8A85CE24C0C8E056FA6 /* AnalysisView.swift in Sources */,
				550F7FF570C5428CBD25A8CE /* AnalysisSummaryCard.swift in Sources */,
				81DDCDB18CED422F9EA7B0CF /* ReplyCardView.swift in Sources */,
				E4D9D78005E041579BC4DD92 /* LoadingView.swift in Sources */,
				6EAFE226B6194EA488CD465E /* AnalysisResultsView.swift in Sources */,
				0730E65B7BAF49629D2E788C /* AnalysisErrorView.swift in Sources */,
				6ABFE883B4AE4503A54F138D /* PaywallGate.swift in Sources */,
				DA6E3D5055BE400E98730E77 /* PaywallViewModel.swift in Sources */,
				CD81A8E964A1421EBDA5F7D2 /* PaywallView.swift in Sources */,
				51533BA3AAE847A18F6E988F /* PaywallHeaderView.swift in Sources */,
				40F6054E232D4AB6A64119E6 /* PaywallFeaturesCard.swift in Sources */,
				02720A34511C4A50ADDE242B /* FeatureRowView.swift in Sources */,
				B43336417F554FF298A680CC /* PlanRowView.swift in Sources */,
				F1B534A7FE964A5C9B5E5AF6 /* PaywallFooterView.swift in Sources */,
			);
			runOnlyForDeploymentPostprocessing = 0;
		};
		792B67ACBB104902B5F4C835 /* Sources */ = {
			isa = PBXSourcesBuildPhase;
			buildActionMask = 2147483647;
			files = (
				DE37B38C61494D2C84A84C34 /* AppDesign.swift in Sources */,
				1B95BCF2EB9F4169AE81275E /* ReplyTone.swift in Sources */,
				AED15A171597427C8A15CE07 /* ShareViewController.swift in Sources */,
				B213F792BF994FFF924A197B /* ShareView.swift in Sources */,
			);
			runOnlyForDeploymentPostprocessing = 0;
		};
/* End PBXSourcesBuildPhase section */

/* Begin PBXTargetDependency section */
		83AF0C122DA5446A80AE63E3 /* PBXTargetDependency */ = {
			isa = PBXTargetDependency;
			target = 794DA2A13F496AC8E724EAD4 /* ReplAIShareExtension */;
			targetProxy = 11C1E93D6F4B4791B837C053 /* PBXContainerItemProxy */;
		};
/* End PBXTargetDependency section */

/* Begin XCBuildConfiguration section */
		43E79B3E0DFE40C291C2395B /* Debug */ = {
			isa = XCBuildConfiguration;
			buildSettings = {
				ALWAYS_SEARCH_USER_PATHS = NO;
				CLANG_ANALYZER_NONNULL = YES;
				CLANG_ANALYZER_NUMBER_OBJECT_CONVERSION = YES_AGGRESSIVE;
				CLANG_CXX_LANGUAGE_STANDARD = "gnu++20";
				CLANG_ENABLE_MODULES = YES;
				CLANG_ENABLE_OBJC_ARC = YES;
				CLANG_ENABLE_OBJC_WEAK = YES;
				CLANG_WARN_BLOCK_CAPTURE_AUTORELEASING = YES;
				CLANG_WARN_BOOL_CONVERSION = YES;
				CLANG_WARN_COMMA = YES;
				CLANG_WARN_CONSTANT_CONVERSION = YES;
				CLANG_WARN_DEPRECATED_OBJC_IMPLEMENTATIONS = YES;
				CLANG_WARN_DIRECT_OBJC_ISA_USAGE = YES_ERROR;
				CLANG_WARN_EMPTY_BODY = YES;
				CLANG_WARN_ENUM_CONVERSION = YES;
				CLANG_WARN_INFINITE_RECURSION = YES;
				CLANG_WARN_INT_CONVERSION = YES;
				CLANG_WARN_NON_LITERAL_NULL_CONVERSION = YES;
				CLANG_WARN_OBJC_IMPLICIT_RETAIN_SELF = YES;
				CLANG_WARN_OBJC_LITERAL_CONVERSION = YES;
				CLANG_WARN_OBJC_ROOT_CLASS = YES_ERROR;
				CLANG_WARN_QUOTED_INCLUDE_IN_FRAMEWORK_HEADER = YES;
				CLANG_WARN_RANGE_LOOP_ANALYSIS = YES;
				CLANG_WARN_STRICT_PROTOTYPES = YES;
				CLANG_WARN_SUSPICIOUS_MOVE = YES;
				CLANG_WARN_UNGUARDED_AVAILABILITY = YES_AGGRESSIVE;
				CLANG_WARN_UNREACHABLE_CODE = YES;
				CLANG_WARN__DUPLICATE_METHOD_MATCH = YES;
				COPY_PHASE_STRIP = NO;
				DEBUG_INFORMATION_FORMAT = dwarf;
				ENABLE_STRICT_OBJC_MSGSEND = YES;
				ENABLE_TESTABILITY = YES;
				GCC_C_LANGUAGE_STANDARD = gnu17;
				GCC_DYNAMIC_NO_PIC = NO;
				GCC_NO_COMMON_BLOCKS = YES;
				GCC_OPTIMIZATION_LEVEL = 0;
				GCC_PREPROCESSOR_DEFINITIONS = ("DEBUG=1", "$(inherited)");
				GCC_WARN_64_TO_32_BIT_CONVERSION = YES;
				GCC_WARN_ABOUT_RETURN_TYPE = YES_ERROR;
				GCC_WARN_UNDECLARED_SELECTOR = YES;
				GCC_WARN_UNINITIALIZED_AUTOS = YES_AGGRESSIVE;
				GCC_WARN_UNUSED_FUNCTION = YES;
				GCC_WARN_UNUSED_VARIABLE = YES;
				IPHONEOS_DEPLOYMENT_TARGET = 26.0;
				MTL_ENABLE_DEBUG_INFO = INCLUDE_SOURCE;
				MTL_FAST_MATH = YES;
				ONLY_ACTIVE_ARCH = YES;
				SDKROOT = iphoneos;
				SWIFT_ACTIVE_COMPILATION_CONDITIONS = DEBUG;
				SWIFT_OPTIMIZATION_LEVEL = "-Onone";
			};
			name = Debug;
		};
		4F14450787CF49619E915C12 /* Release */ = {
			isa = XCBuildConfiguration;
			buildSettings = {
				ALWAYS_SEARCH_USER_PATHS = NO;
				CLANG_ANALYZER_NONNULL = YES;
				CLANG_ANALYZER_NUMBER_OBJECT_CONVERSION = YES_AGGRESSIVE;
				CLANG_CXX_LANGUAGE_STANDARD = "gnu++20";
				CLANG_ENABLE_MODULES = YES;
				CLANG_ENABLE_OBJC_ARC = YES;
				CLANG_ENABLE_OBJC_WEAK = YES;
				CLANG_WARN_BLOCK_CAPTURE_AUTORELEASING = YES;
				CLANG_WARN_BOOL_CONVERSION = YES;
				CLANG_WARN_COMMA = YES;
				CLANG_WARN_CONSTANT_CONVERSION = YES;
				CLANG_WARN_DEPRECATED_OBJC_IMPLEMENTATIONS = YES;
				CLANG_WARN_DIRECT_OBJC_ISA_USAGE = YES_ERROR;
				CLANG_WARN_EMPTY_BODY = YES;
				CLANG_WARN_ENUM_CONVERSION = YES;
				CLANG_WARN_INFINITE_RECURSION = YES;
				CLANG_WARN_INT_CONVERSION = YES;
				CLANG_WARN_NON_LITERAL_NULL_CONVERSION = YES;
				CLANG_WARN_OBJC_IMPLICIT_RETAIN_SELF = YES;
				CLANG_WARN_OBJC_LITERAL_CONVERSION = YES;
				CLANG_WARN_OBJC_ROOT_CLASS = YES_ERROR;
				CLANG_WARN_QUOTED_INCLUDE_IN_FRAMEWORK_HEADER = YES;
				CLANG_WARN_RANGE_LOOP_ANALYSIS = YES;
				CLANG_WARN_STRICT_PROTOTYPES = YES;
				CLANG_WARN_SUSPICIOUS_MOVE = YES;
				CLANG_WARN_UNGUARDED_AVAILABILITY = YES_AGGRESSIVE;
				CLANG_WARN_UNREACHABLE_CODE = YES;
				CLANG_WARN__DUPLICATE_METHOD_MATCH = YES;
				COPY_PHASE_STRIP = NO;
				DEBUG_INFORMATION_FORMAT = "dwarf-with-dsym";
				ENABLE_STRICT_OBJC_MSGSEND = YES;
				ENABLE_TESTABILITY = YES;
				GCC_C_LANGUAGE_STANDARD = gnu17;
				GCC_DYNAMIC_NO_PIC = NO;
				GCC_NO_COMMON_BLOCKS = YES;
				GCC_OPTIMIZATION_LEVEL = 0;
				GCC_PREPROCESSOR_DEFINITIONS = ("$(inherited)");
				GCC_WARN_64_TO_32_BIT_CONVERSION = YES;
				GCC_WARN_ABOUT_RETURN_TYPE = YES_ERROR;
				GCC_WARN_UNDECLARED_SELECTOR = YES;
				GCC_WARN_UNINITIALIZED_AUTOS = YES_AGGRESSIVE;
				GCC_WARN_UNUSED_FUNCTION = YES;
				GCC_WARN_UNUSED_VARIABLE = YES;
				IPHONEOS_DEPLOYMENT_TARGET = 26.0;
				MTL_ENABLE_DEBUG_INFO = NO;
				MTL_FAST_MATH = YES;
				ONLY_ACTIVE_ARCH = NO;
				SDKROOT = iphoneos;
				SWIFT_ACTIVE_COMPILATION_CONDITIONS = "";
				SWIFT_OPTIMIZATION_LEVEL = "-O";
				ENABLE_NS_ASSERTIONS = NO;
				SWIFT_COMPILATION_MODE = wholemodule;
				VALIDATE_PRODUCT = YES;
			};
			name = Release;
		};
		EE5086BC2699412880CD8A10 /* Debug */ = {
			isa = XCBuildConfiguration;
			buildSettings = {
				ALWAYS_SEARCH_USER_PATHS = NO;
				CLANG_ANALYZER_NONNULL = YES;
				CLANG_ANALYZER_NUMBER_OBJECT_CONVERSION = YES_AGGRESSIVE;
				CLANG_CXX_LANGUAGE_STANDARD = "gnu++20";
				CLANG_ENABLE_MODULES = YES;
				CLANG_ENABLE_OBJC_ARC = YES;
				CLANG_ENABLE_OBJC_WEAK = YES;
				CLANG_WARN_BLOCK_CAPTURE_AUTORELEASING = YES;
				CLANG_WARN_BOOL_CONVERSION = YES;
				CLANG_WARN_COMMA = YES;
				CLANG_WARN_CONSTANT_CONVERSION = YES;
				CLANG_WARN_DEPRECATED_OBJC_IMPLEMENTATIONS = YES;
				CLANG_WARN_DIRECT_OBJC_ISA_USAGE = YES_ERROR;
				CLANG_WARN_EMPTY_BODY = YES;
				CLANG_WARN_ENUM_CONVERSION = YES;
				CLANG_WARN_INFINITE_RECURSION = YES;
				CLANG_WARN_INT_CONVERSION = YES;
				CLANG_WARN_NON_LITERAL_NULL_CONVERSION = YES;
				CLANG_WARN_OBJC_IMPLICIT_RETAIN_SELF = YES;
				CLANG_WARN_OBJC_LITERAL_CONVERSION = YES;
				CLANG_WARN_OBJC_ROOT_CLASS = YES_ERROR;
				CLANG_WARN_QUOTED_INCLUDE_IN_FRAMEWORK_HEADER = YES;
				CLANG_WARN_RANGE_LOOP_ANALYSIS = YES;
				CLANG_WARN_STRICT_PROTOTYPES = YES;
				CLANG_WARN_SUSPICIOUS_MOVE = YES;
				CLANG_WARN_UNGUARDED_AVAILABILITY = YES_AGGRESSIVE;
				CLANG_WARN_UNREACHABLE_CODE = YES;
				CLANG_WARN__DUPLICATE_METHOD_MATCH = YES;
				COPY_PHASE_STRIP = NO;
				DEBUG_INFORMATION_FORMAT = dwarf;
				ENABLE_STRICT_OBJC_MSGSEND = YES;
				ENABLE_TESTABILITY = YES;
				GCC_C_LANGUAGE_STANDARD = gnu17;
				GCC_DYNAMIC_NO_PIC = NO;
				GCC_NO_COMMON_BLOCKS = YES;
				GCC_OPTIMIZATION_LEVEL = 0;
				GCC_PREPROCESSOR_DEFINITIONS = ("DEBUG=1", "$(inherited)");
				GCC_WARN_64_TO_32_BIT_CONVERSION = YES;
				GCC_WARN_ABOUT_RETURN_TYPE = YES_ERROR;
				GCC_WARN_UNDECLARED_SELECTOR = YES;
				GCC_WARN_UNINITIALIZED_AUTOS = YES_AGGRESSIVE;
				GCC_WARN_UNUSED_FUNCTION = YES;
				GCC_WARN_UNUSED_VARIABLE = YES;
				IPHONEOS_DEPLOYMENT_TARGET = 26.0;
				MTL_ENABLE_DEBUG_INFO = INCLUDE_SOURCE;
				MTL_FAST_MATH = YES;
				ONLY_ACTIVE_ARCH = YES;
				SDKROOT = iphoneos;
				SWIFT_ACTIVE_COMPILATION_CONDITIONS = DEBUG;
				SWIFT_OPTIMIZATION_LEVEL = "-Onone";
				ASSETCATALOG_COMPILER_APPICON_NAME = AppIcon;
				CODE_SIGN_ENTITLEMENTS = Configuration/ReplAI.entitlements;
				CODE_SIGN_STYLE = Automatic;
				CURRENT_PROJECT_VERSION = 1;
				DEVELOPMENT_TEAM = RS8JSBN29A;
				GENERATE_INFOPLIST_FILE = NO;
				INFOPLIST_FILE = ReplAI/App/Info.plist;
				LD_RUNPATH_SEARCH_PATHS = ("$(inherited)", "@executable_path/Frameworks");
				MARKETING_VERSION = 1.0;
				PRODUCT_BUNDLE_IDENTIFIER = com.huseyinataseven.replai;
				PRODUCT_NAME = "$(TARGET_NAME)";
				SWIFT_EMIT_LOC_STRINGS = YES;
				SWIFT_STRICT_CONCURRENCY = complete;
				SWIFT_VERSION = 6.0;
				TARGETED_DEVICE_FAMILY = 1;
			};
			name = Debug;
		};
		50D8A7783B3846B4BC8F0AE5 /* Release */ = {
			isa = XCBuildConfiguration;
			buildSettings = {
				ALWAYS_SEARCH_USER_PATHS = NO;
				CLANG_ANALYZER_NONNULL = YES;
				CLANG_ANALYZER_NUMBER_OBJECT_CONVERSION = YES_AGGRESSIVE;
				CLANG_CXX_LANGUAGE_STANDARD = "gnu++20";
				CLANG_ENABLE_MODULES = YES;
				CLANG_ENABLE_OBJC_ARC = YES;
				CLANG_ENABLE_OBJC_WEAK = YES;
				CLANG_WARN_BLOCK_CAPTURE_AUTORELEASING = YES;
				CLANG_WARN_BOOL_CONVERSION = YES;
				CLANG_WARN_COMMA = YES;
				CLANG_WARN_CONSTANT_CONVERSION = YES;
				CLANG_WARN_DEPRECATED_OBJC_IMPLEMENTATIONS = YES;
				CLANG_WARN_DIRECT_OBJC_ISA_USAGE = YES_ERROR;
				CLANG_WARN_EMPTY_BODY = YES;
				CLANG_WARN_ENUM_CONVERSION = YES;
				CLANG_WARN_INFINITE_RECURSION = YES;
				CLANG_WARN_INT_CONVERSION = YES;
				CLANG_WARN_NON_LITERAL_NULL_CONVERSION = YES;
				CLANG_WARN_OBJC_IMPLICIT_RETAIN_SELF = YES;
				CLANG_WARN_OBJC_LITERAL_CONVERSION = YES;
				CLANG_WARN_OBJC_ROOT_CLASS = YES_ERROR;
				CLANG_WARN_QUOTED_INCLUDE_IN_FRAMEWORK_HEADER = YES;
				CLANG_WARN_RANGE_LOOP_ANALYSIS = YES;
				CLANG_WARN_STRICT_PROTOTYPES = YES;
				CLANG_WARN_SUSPICIOUS_MOVE = YES;
				CLANG_WARN_UNGUARDED_AVAILABILITY = YES_AGGRESSIVE;
				CLANG_WARN_UNREACHABLE_CODE = YES;
				CLANG_WARN__DUPLICATE_METHOD_MATCH = YES;
				COPY_PHASE_STRIP = NO;
				DEBUG_INFORMATION_FORMAT = "dwarf-with-dsym";
				ENABLE_STRICT_OBJC_MSGSEND = YES;
				ENABLE_TESTABILITY = YES;
				GCC_C_LANGUAGE_STANDARD = gnu17;
				GCC_DYNAMIC_NO_PIC = NO;
				GCC_NO_COMMON_BLOCKS = YES;
				GCC_OPTIMIZATION_LEVEL = 0;
				GCC_PREPROCESSOR_DEFINITIONS = ("$(inherited)");
				GCC_WARN_64_TO_32_BIT_CONVERSION = YES;
				GCC_WARN_ABOUT_RETURN_TYPE = YES_ERROR;
				GCC_WARN_UNDECLARED_SELECTOR = YES;
				GCC_WARN_UNINITIALIZED_AUTOS = YES_AGGRESSIVE;
				GCC_WARN_UNUSED_FUNCTION = YES;
				GCC_WARN_UNUSED_VARIABLE = YES;
				IPHONEOS_DEPLOYMENT_TARGET = 26.0;
				MTL_ENABLE_DEBUG_INFO = NO;
				MTL_FAST_MATH = YES;
				ONLY_ACTIVE_ARCH = NO;
				SDKROOT = iphoneos;
				SWIFT_ACTIVE_COMPILATION_CONDITIONS = "";
				SWIFT_OPTIMIZATION_LEVEL = "-O";
				ENABLE_NS_ASSERTIONS = NO;
				SWIFT_COMPILATION_MODE = wholemodule;
				VALIDATE_PRODUCT = YES;
				ASSETCATALOG_COMPILER_APPICON_NAME = AppIcon;
				CODE_SIGN_ENTITLEMENTS = Configuration/ReplAI.entitlements;
				CODE_SIGN_STYLE = Automatic;
				CURRENT_PROJECT_VERSION = 1;
				DEVELOPMENT_TEAM = RS8JSBN29A;
				GENERATE_INFOPLIST_FILE = NO;
				INFOPLIST_FILE = ReplAI/App/Info.plist;
				LD_RUNPATH_SEARCH_PATHS = ("$(inherited)", "@executable_path/Frameworks");
				MARKETING_VERSION = 1.0;
				PRODUCT_BUNDLE_IDENTIFIER = com.huseyinataseven.replai;
				PRODUCT_NAME = "$(TARGET_NAME)";
				SWIFT_EMIT_LOC_STRINGS = YES;
				SWIFT_STRICT_CONCURRENCY = complete;
				SWIFT_VERSION = 6.0;
				TARGETED_DEVICE_FAMILY = 1;
			};
			name = Release;
		};
		330B82685FFE422883859077 /* Debug */ = {
			isa = XCBuildConfiguration;
			buildSettings = {
				ALWAYS_SEARCH_USER_PATHS = NO;
				CLANG_ANALYZER_NONNULL = YES;
				CLANG_ANALYZER_NUMBER_OBJECT_CONVERSION = YES_AGGRESSIVE;
				CLANG_CXX_LANGUAGE_STANDARD = "gnu++20";
				CLANG_ENABLE_MODULES = YES;
				CLANG_ENABLE_OBJC_ARC = YES;
				CLANG_ENABLE_OBJC_WEAK = YES;
				CLANG_WARN_BLOCK_CAPTURE_AUTORELEASING = YES;
				CLANG_WARN_BOOL_CONVERSION = YES;
				CLANG_WARN_COMMA = YES;
				CLANG_WARN_CONSTANT_CONVERSION = YES;
				CLANG_WARN_DEPRECATED_OBJC_IMPLEMENTATIONS = YES;
				CLANG_WARN_DIRECT_OBJC_ISA_USAGE = YES_ERROR;
				CLANG_WARN_EMPTY_BODY = YES;
				CLANG_WARN_ENUM_CONVERSION = YES;
				CLANG_WARN_INFINITE_RECURSION = YES;
				CLANG_WARN_INT_CONVERSION = YES;
				CLANG_WARN_NON_LITERAL_NULL_CONVERSION = YES;
				CLANG_WARN_OBJC_IMPLICIT_RETAIN_SELF = YES;
				CLANG_WARN_OBJC_LITERAL_CONVERSION = YES;
				CLANG_WARN_OBJC_ROOT_CLASS = YES_ERROR;
				CLANG_WARN_QUOTED_INCLUDE_IN_FRAMEWORK_HEADER = YES;
				CLANG_WARN_RANGE_LOOP_ANALYSIS = YES;
				CLANG_WARN_STRICT_PROTOTYPES = YES;
				CLANG_WARN_SUSPICIOUS_MOVE = YES;
				CLANG_WARN_UNGUARDED_AVAILABILITY = YES_AGGRESSIVE;
				CLANG_WARN_UNREACHABLE_CODE = YES;
				CLANG_WARN__DUPLICATE_METHOD_MATCH = YES;
				COPY_PHASE_STRIP = NO;
				DEBUG_INFORMATION_FORMAT = dwarf;
				ENABLE_STRICT_OBJC_MSGSEND = YES;
				ENABLE_TESTABILITY = YES;
				GCC_C_LANGUAGE_STANDARD = gnu17;
				GCC_DYNAMIC_NO_PIC = NO;
				GCC_NO_COMMON_BLOCKS = YES;
				GCC_OPTIMIZATION_LEVEL = 0;
				GCC_PREPROCESSOR_DEFINITIONS = ("DEBUG=1", "$(inherited)");
				GCC_WARN_64_TO_32_BIT_CONVERSION = YES;
				GCC_WARN_ABOUT_RETURN_TYPE = YES_ERROR;
				GCC_WARN_UNDECLARED_SELECTOR = YES;
				GCC_WARN_UNINITIALIZED_AUTOS = YES_AGGRESSIVE;
				GCC_WARN_UNUSED_FUNCTION = YES;
				GCC_WARN_UNUSED_VARIABLE = YES;
				IPHONEOS_DEPLOYMENT_TARGET = 26.0;
				MTL_ENABLE_DEBUG_INFO = INCLUDE_SOURCE;
				MTL_FAST_MATH = YES;
				ONLY_ACTIVE_ARCH = YES;
				SDKROOT = iphoneos;
				SWIFT_ACTIVE_COMPILATION_CONDITIONS = DEBUG;
				SWIFT_OPTIMIZATION_LEVEL = "-Onone";
				CODE_SIGN_ENTITLEMENTS = Configuration/ReplAIShareExtension.entitlements;
				CODE_SIGN_STYLE = Automatic;
				CURRENT_PROJECT_VERSION = 1;
				DEVELOPMENT_TEAM = RS8JSBN29A;
				GENERATE_INFOPLIST_FILE = NO;
				INFOPLIST_FILE = ReplAIShareExtension/Info.plist;
				LD_RUNPATH_SEARCH_PATHS = ("$(inherited)", "@executable_path/../../Frameworks");
				MARKETING_VERSION = 1.0;
				PRODUCT_BUNDLE_IDENTIFIER = com.huseyinataseven.replai.shareextension;
				PRODUCT_NAME = "$(TARGET_NAME)";
				SKIP_INSTALL = YES;
				SWIFT_EMIT_LOC_STRINGS = YES;
				SWIFT_STRICT_CONCURRENCY = complete;
				SWIFT_VERSION = 6.0;
				TARGETED_DEVICE_FAMILY = 1;
			};
			name = Debug;
		};
		255EAB598B0441DBA756BC46 /* Release */ = {
			isa = XCBuildConfiguration;
			buildSettings = {
				ALWAYS_SEARCH_USER_PATHS = NO;
				CLANG_ANALYZER_NONNULL = YES;
				CLANG_ANALYZER_NUMBER_OBJECT_CONVERSION = YES_AGGRESSIVE;
				CLANG_CXX_LANGUAGE_STANDARD = "gnu++20";
				CLANG_ENABLE_MODULES = YES;
				CLANG_ENABLE_OBJC_ARC = YES;
				CLANG_ENABLE_OBJC_WEAK = YES;
				CLANG_WARN_BLOCK_CAPTURE_AUTORELEASING = YES;
				CLANG_WARN_BOOL_CONVERSION = YES;
				CLANG_WARN_COMMA = YES;
				CLANG_WARN_CONSTANT_CONVERSION = YES;
				CLANG_WARN_DEPRECATED_OBJC_IMPLEMENTATIONS = YES;
				CLANG_WARN_DIRECT_OBJC_ISA_USAGE = YES_ERROR;
				CLANG_WARN_EMPTY_BODY = YES;
				CLANG_WARN_ENUM_CONVERSION = YES;
				CLANG_WARN_INFINITE_RECURSION = YES;
				CLANG_WARN_INT_CONVERSION = YES;
				CLANG_WARN_NON_LITERAL_NULL_CONVERSION = YES;
				CLANG_WARN_OBJC_IMPLICIT_RETAIN_SELF = YES;
				CLANG_WARN_OBJC_LITERAL_CONVERSION = YES;
				CLANG_WARN_OBJC_ROOT_CLASS = YES_ERROR;
				CLANG_WARN_QUOTED_INCLUDE_IN_FRAMEWORK_HEADER = YES;
				CLANG_WARN_RANGE_LOOP_ANALYSIS = YES;
				CLANG_WARN_STRICT_PROTOTYPES = YES;
				CLANG_WARN_SUSPICIOUS_MOVE = YES;
				CLANG_WARN_UNGUARDED_AVAILABILITY = YES_AGGRESSIVE;
				CLANG_WARN_UNREACHABLE_CODE = YES;
				CLANG_WARN__DUPLICATE_METHOD_MATCH = YES;
				COPY_PHASE_STRIP = NO;
				DEBUG_INFORMATION_FORMAT = "dwarf-with-dsym";
				ENABLE_STRICT_OBJC_MSGSEND = YES;
				ENABLE_TESTABILITY = YES;
				GCC_C_LANGUAGE_STANDARD = gnu17;
				GCC_DYNAMIC_NO_PIC = NO;
				GCC_NO_COMMON_BLOCKS = YES;
				GCC_OPTIMIZATION_LEVEL = 0;
				GCC_PREPROCESSOR_DEFINITIONS = ("$(inherited)");
				GCC_WARN_64_TO_32_BIT_CONVERSION = YES;
				GCC_WARN_ABOUT_RETURN_TYPE = YES_ERROR;
				GCC_WARN_UNDECLARED_SELECTOR = YES;
				GCC_WARN_UNINITIALIZED_AUTOS = YES_AGGRESSIVE;
				GCC_WARN_UNUSED_FUNCTION = YES;
				GCC_WARN_UNUSED_VARIABLE = YES;
				IPHONEOS_DEPLOYMENT_TARGET = 26.0;
				MTL_ENABLE_DEBUG_INFO = NO;
				MTL_FAST_MATH = YES;
				ONLY_ACTIVE_ARCH = NO;
				SDKROOT = iphoneos;
				SWIFT_ACTIVE_COMPILATION_CONDITIONS = "";
				SWIFT_OPTIMIZATION_LEVEL = "-O";
				ENABLE_NS_ASSERTIONS = NO;
				SWIFT_COMPILATION_MODE = wholemodule;
				VALIDATE_PRODUCT = YES;
				CODE_SIGN_ENTITLEMENTS = Configuration/ReplAIShareExtension.entitlements;
				CODE_SIGN_STYLE = Automatic;
				CURRENT_PROJECT_VERSION = 1;
				DEVELOPMENT_TEAM = RS8JSBN29A;
				GENERATE_INFOPLIST_FILE = NO;
				INFOPLIST_FILE = ReplAIShareExtension/Info.plist;
				LD_RUNPATH_SEARCH_PATHS = ("$(inherited)", "@executable_path/../../Frameworks");
				MARKETING_VERSION = 1.0;
				PRODUCT_BUNDLE_IDENTIFIER = com.huseyinataseven.replai.shareextension;
				PRODUCT_NAME = "$(TARGET_NAME)";
				SKIP_INSTALL = YES;
				SWIFT_EMIT_LOC_STRINGS = YES;
				SWIFT_STRICT_CONCURRENCY = complete;
				SWIFT_VERSION = 6.0;
				TARGETED_DEVICE_FAMILY = 1;
			};
			name = Release;
		};
/* End XCBuildConfiguration section */

/* Begin XCConfigurationList section */
		FD0575A278C4480090794338 /* Build configuration list for PBXProject "ReplAI" */ = {
			isa = XCConfigurationList;
			buildConfigurations = (
				43E79B3E0DFE40C291C2395B /* Debug */,
				4F14450787CF49619E915C12 /* Release */,
			);
			defaultConfigurationIsVisible = 0;
			defaultConfigurationName = Release;
		};
		E91C35391F824C168EC9E4C7 /* Build configuration list for PBXNativeTarget "ReplAI" */ = {
			isa = XCConfigurationList;
			buildConfigurations = (
				EE5086BC2699412880CD8A10 /* Debug */,
				50D8A7783B3846B4BC8F0AE5 /* Release */,
			);
			defaultConfigurationIsVisible = 0;
			defaultConfigurationName = Release;
		};
		D3C3A5C3C7B44C2C98705A66 /* Build configuration list for PBXNativeTarget "ReplAIShareExtension" */ = {
			isa = XCConfigurationList;
			buildConfigurations = (
				330B82685FFE422883859077 /* Debug */,
				255EAB598B0441DBA756BC46 /* Release */,
			);
			defaultConfigurationIsVisible = 0;
			defaultConfigurationName = Release;
		};
/* End XCConfigurationList section */
	};
	rootObject = 089EEB8D782B4BFF8A78B143 /* Project object */;
}
